// !$*UTF8*$!
{
	archiveVersion = 1;
	classes = {
	};
	objectVersion = 56;
	objects = {

/* Begin PBXBuildFile section */
		A33792792B853A0900CF7FE1 /* AppDelegate.swift in Sources */ = {isa = PBXBuildFile; fileRef = A33792782B853A0900CF7FE1 /* AppDelegate.swift */; };
		A337927B2B853A0900CF7FE1 /* SceneDelegate.swift in Sources */ = {isa = PBXBuildFile; fileRef = A337927A2B853A0900CF7FE1 /* SceneDelegate.swift */; };
		A33792822B853A1F00CF7FE1 /* Assets.xcassets in Resources */ = {isa = PBXBuildFile; fileRef = A33792812B853A1F00CF7FE1 /* Assets.xcassets */; };
		A33792852B853A1F00CF7FE1 /* LaunchScreen.storyboard in Resources */ = {isa = PBXBuildFile; fileRef = A33792832B853A1F00CF7FE1 /* LaunchScreen.storyboard */; };
		A33792902B853A2000CF7FE1 /* KeepTests.swift in Sources */ = {isa = PBXBuildFile; fileRef = A337928F2B853A2000CF7FE1 /* KeepTests.swift */; };
		A337929A2B853A2000CF7FE1 /* KeepUITests.swift in Sources */ = {isa = PBXBuildFile; fileRef = A33792992B853A2000CF7FE1 /* KeepUITests.swift */; };
		A337929C2B853A2000CF7FE1 /* KeepUITestsLaunchTests.swift in Sources */ = {isa = PBXBuildFile; fileRef = A337929B2B853A2000CF7FE1 /* KeepUITestsLaunchTests.swift */; };
		A34B5ECE2BC9443E00F7D25D /* NetworkServiceType.swift in Sources */ = {isa = PBXBuildFile; fileRef = A34B5ECD2BC9443E00F7D25D /* NetworkServiceType.swift */; };
		A34B5ED02BC9444A00F7D25D /* NetworkService.swift in Sources */ = {isa = PBXBuildFile; fileRef = A34B5ECF2BC9444A00F7D25D /* NetworkService.swift */; };
		A34B5ED42BC9448100F7D25D /* Endpoint.swift in Sources */ = {isa = PBXBuildFile; fileRef = A34B5ED32BC9448000F7D25D /* Endpoint.swift */; };
		A34B5ED62BC9448E00F7D25D /* HTTPMethod.swift in Sources */ = {isa = PBXBuildFile; fileRef = A34B5ED52BC9448E00F7D25D /* HTTPMethod.swift */; };
		A34B5ED82BC944A500F7D25D /* URLCache+Extension.swift in Sources */ = {isa = PBXBuildFile; fileRef = A34B5ED72BC944A500F7D25D /* URLCache+Extension.swift */; };
		A35171042BB1CBA000A24D19 /* ItemBarButtonActionType.swift in Sources */ = {isa = PBXBuildFile; fileRef = A35171032BB1CBA000A24D19 /* ItemBarButtonActionType.swift */; };
		A35171072BB33AE400A24D19 /* Helpers.swift in Sources */ = {isa = PBXBuildFile; fileRef = A35171062BB33AE400A24D19 /* Helpers.swift */; };
		A35171092BB366D200A24D19 /* KeepError.swift in Sources */ = {isa = PBXBuildFile; fileRef = A35171082BB366D200A24D19 /* KeepError.swift */; };
		A351710C2BB367E200A24D19 /* KeepItem.swift in Sources */ = {isa = PBXBuildFile; fileRef = A351710B2BB367E200A24D19 /* KeepItem.swift */; };
		A351710E2BB3681400A24D19 /* Password.swift in Sources */ = {isa = PBXBuildFile; fileRef = A351710D2BB3681400A24D19 /* Password.swift */; };
		A35171102BB3682300A24D19 /* BankAccount.swift in Sources */ = {isa = PBXBuildFile; fileRef = A351710F2BB3682300A24D19 /* BankAccount.swift */; };
		A35171122BB3683100A24D19 /* Card.swift in Sources */ = {isa = PBXBuildFile; fileRef = A35171112BB3683100A24D19 /* Card.swift */; };
		A35171142BB3683900A24D19 /* Etc.swift in Sources */ = {isa = PBXBuildFile; fileRef = A35171132BB3683900A24D19 /* Etc.swift */; };
		A35171162BB3814F00A24D19 /* KeychainError.swift in Sources */ = {isa = PBXBuildFile; fileRef = A35171152BB3814F00A24D19 /* KeychainError.swift */; };
		A35171182BB3880D00A24D19 /* KeepKey.swift in Sources */ = {isa = PBXBuildFile; fileRef = A35171172BB3880D00A24D19 /* KeepKey.swift */; };
		A351711A2BB38A8D00A24D19 /* KeychainContainable.swift in Sources */ = {isa = PBXBuildFile; fileRef = A35171192BB38A8D00A24D19 /* KeychainContainable.swift */; };
		A351711C2BB495AF00A24D19 /* OffsetAdjustableModifier.swift in Sources */ = {isa = PBXBuildFile; fileRef = A351711B2BB495AF00A24D19 /* OffsetAdjustableModifier.swift */; };
		A351711E2BB497D300A24D19 /* KeychainContainableViewModel.swift in Sources */ = {isa = PBXBuildFile; fileRef = A351711D2BB497D300A24D19 /* KeychainContainableViewModel.swift */; };
		A35171202BB4982500A24D19 /* KeychainServiceType.swift in Sources */ = {isa = PBXBuildFile; fileRef = A351711F2BB4982500A24D19 /* KeychainServiceType.swift */; };
		A35171262BB5785000A24D19 /* ItemViewModelTests.swift in Sources */ = {isa = PBXBuildFile; fileRef = A35171252BB5785000A24D19 /* ItemViewModelTests.swift */; };
		A35171292BB5AE2600A24D19 /* CurrentItemView.swift in Sources */ = {isa = PBXBuildFile; fileRef = A35171282BB5AE2600A24D19 /* CurrentItemView.swift */; };
		A351712B2BB5AE3300A24D19 /* CurrentItemViewModel.swift in Sources */ = {isa = PBXBuildFile; fileRef = A351712A2BB5AE3300A24D19 /* CurrentItemViewModel.swift */; };
		A351712D2BB5C4A800A24D19 /* CurrentItem.swift in Sources */ = {isa = PBXBuildFile; fileRef = A351712C2BB5C4A800A24D19 /* CurrentItem.swift */; };
		A35171312BB61AA400A24D19 /* DateFormatter+Extension.swift in Sources */ = {isa = PBXBuildFile; fileRef = A35171302BB61AA400A24D19 /* DateFormatter+Extension.swift */; };
		A35171332BB61ABD00A24D19 /* Date+Extension.swift in Sources */ = {isa = PBXBuildFile; fileRef = A35171322BB61ABD00A24D19 /* Date+Extension.swift */; };
		A35171352BB61AEB00A24D19 /* Locale+Extension.swift in Sources */ = {isa = PBXBuildFile; fileRef = A35171342BB61AEB00A24D19 /* Locale+Extension.swift */; };
		A35171372BB7671800A24D19 /* CurrentInfoItem.swift in Sources */ = {isa = PBXBuildFile; fileRef = A35171362BB7671800A24D19 /* CurrentInfoItem.swift */; };
		A35171392BB7828C00A24D19 /* BottomSheetView.swift in Sources */ = {isa = PBXBuildFile; fileRef = A35171382BB7828C00A24D19 /* BottomSheetView.swift */; };
		A351713B2BB7835F00A24D19 /* RoundedCorners.swift in Sources */ = {isa = PBXBuildFile; fileRef = A351713A2BB7835F00A24D19 /* RoundedCorners.swift */; };
		A368B0AC2B911FC600AEBC15 /* MainListViewModel.swift in Sources */ = {isa = PBXBuildFile; fileRef = A368B0AB2B911FC600AEBC15 /* MainListViewModel.swift */; };
		A368B0AE2B91238300AEBC15 /* AuthView.swift in Sources */ = {isa = PBXBuildFile; fileRef = A368B0AD2B91238300AEBC15 /* AuthView.swift */; };
		A368B0B12B91280000AEBC15 /* MainView.swift in Sources */ = {isa = PBXBuildFile; fileRef = A368B0B02B91280000AEBC15 /* MainView.swift */; };
		A368B0E92BA2608900AEBC15 /* AuthManager.swift in Sources */ = {isa = PBXBuildFile; fileRef = A368B0E82BA2608900AEBC15 /* AuthManager.swift */; };
		A368B0EB2BA260AF00AEBC15 /* AuthButton.swift in Sources */ = {isa = PBXBuildFile; fileRef = A368B0EA2BA260AF00AEBC15 /* AuthButton.swift */; };
		A368B0ED2BA26D8900AEBC15 /* AddItemViewModel.swift in Sources */ = {isa = PBXBuildFile; fileRef = A368B0EC2BA26D8900AEBC15 /* AddItemViewModel.swift */; };
		A368B0EF2BA3065500AEBC15 /* AddItem.swift in Sources */ = {isa = PBXBuildFile; fileRef = A368B0EE2BA3065500AEBC15 /* AddItem.swift */; };
		A368B0F12BABA41200AEBC15 /* Publishers+Extension.swift in Sources */ = {isa = PBXBuildFile; fileRef = A368B0F02BABA41200AEBC15 /* Publishers+Extension.swift */; };
		A368B0F32BABA44400AEBC15 /* UIResponder+Extension.swift in Sources */ = {isa = PBXBuildFile; fileRef = A368B0F22BABA44400AEBC15 /* UIResponder+Extension.swift */; };
		A368B0F52BAC3B0700AEBC15 /* DatePickerView.swift in Sources */ = {isa = PBXBuildFile; fileRef = A368B0F42BAC3B0700AEBC15 /* DatePickerView.swift */; };
		A387CBB02BADE8AC00E6231E /* ItemEditView.swift in Sources */ = {isa = PBXBuildFile; fileRef = A387CBAF2BADE8AC00E6231E /* ItemEditView.swift */; };
		A387CBB42BAE8AE800E6231E /* View+Extension.swift in Sources */ = {isa = PBXBuildFile; fileRef = A387CBB32BAE8AE800E6231E /* View+Extension.swift */; };
		A387CBB62BAE8E3E00E6231E /* MainListItem.swift in Sources */ = {isa = PBXBuildFile; fileRef = A387CBB52BAE8E3E00E6231E /* MainListItem.swift */; };
		A387CBBA2BAF754F00E6231E /* ItemSubType.swift in Sources */ = {isa = PBXBuildFile; fileRef = A387CBB92BAF754F00E6231E /* ItemSubType.swift */; };
		A387CBBC2BAF9DC700E6231E /* UserInputItem.swift in Sources */ = {isa = PBXBuildFile; fileRef = A387CBBB2BAF9DC700E6231E /* UserInputItem.swift */; };
		A387CBBF2BB054B400E6231E /* KeychainService.swift in Sources */ = {isa = PBXBuildFile; fileRef = A387CBBE2BB054B400E6231E /* KeychainService.swift */; };
		A387CBC12BB0EA9400E6231E /* SerializeType.swift in Sources */ = {isa = PBXBuildFile; fileRef = A387CBC02BB0EA9400E6231E /* SerializeType.swift */; };
		A387CBC32BB0EAA000E6231E /* Serializer.swift in Sources */ = {isa = PBXBuildFile; fileRef = A387CBC22BB0EAA000E6231E /* Serializer.swift */; };
		A3B8B5982BC05467001BBAF4 /* InputView.swift in Sources */ = {isa = PBXBuildFile; fileRef = A3B8B5972BC05467001BBAF4 /* InputView.swift */; };
		A3B8B59B2BC054AD001BBAF4 /* InputViewItem.swift in Sources */ = {isa = PBXBuildFile; fileRef = A3B8B59A2BC054AD001BBAF4 /* InputViewItem.swift */; };
		A3B8B59D2BC054BA001BBAF4 /* InputViewType.swift in Sources */ = {isa = PBXBuildFile; fileRef = A3B8B59C2BC054BA001BBAF4 /* InputViewType.swift */; };
		A3B8B5A02BC05502001BBAF4 /* PlainInputView.swift in Sources */ = {isa = PBXBuildFile; fileRef = A3B8B59F2BC05502001BBAF4 /* PlainInputView.swift */; };
		A3B8B5A22BC0550E001BBAF4 /* MultilineInputView.swift in Sources */ = {isa = PBXBuildFile; fileRef = A3B8B5A12BC0550E001BBAF4 /* MultilineInputView.swift */; };
		A3B8B5A42BC0551D001BBAF4 /* LondNumberInputView.swift in Sources */ = {isa = PBXBuildFile; fileRef = A3B8B5A32BC0551D001BBAF4 /* LondNumberInputView.swift */; };
		A3B8B5A62BC05531001BBAF4 /* DateInputView.swift in Sources */ = {isa = PBXBuildFile; fileRef = A3B8B5A52BC05531001BBAF4 /* DateInputView.swift */; };
		A3B8B5A82BC08673001BBAF4 /* Toast.swift in Sources */ = {isa = PBXBuildFile; fileRef = A3B8B5A72BC08673001BBAF4 /* Toast.swift */; };
		A3B8B5AA2BC0AE75001BBAF4 /* String+Extension.swift in Sources */ = {isa = PBXBuildFile; fileRef = A3B8B5A92BC0AE75001BBAF4 /* String+Extension.swift */; };
		A3B8B5AC2BC5FEAE001BBAF4 /* ItemEditViewModel.swift in Sources */ = {isa = PBXBuildFile; fileRef = A3B8B5AB2BC5FEAE001BBAF4 /* ItemEditViewModel.swift */; };
		A3B8B5AE2BC60156001BBAF4 /* ItemEditItem.swift in Sources */ = {isa = PBXBuildFile; fileRef = A3B8B5AD2BC60156001BBAF4 /* ItemEditItem.swift */; };
		A3B8B5B12BC86BB4001BBAF4 /* ItemEditViewModelLogic.swift in Sources */ = {isa = PBXBuildFile; fileRef = A3B8B5B02BC86BB4001BBAF4 /* ItemEditViewModelLogic.swift */; };
		A3B8B5B32BC86BF7001BBAF4 /* CurrentItemViewModelLogic.swift in Sources */ = {isa = PBXBuildFile; fileRef = A3B8B5B22BC86BF7001BBAF4 /* CurrentItemViewModelLogic.swift */; };
		A3B8B5B52BC86C1B001BBAF4 /* AddItemViewModelLogic.swift in Sources */ = {isa = PBXBuildFile; fileRef = A3B8B5B42BC86C1B001BBAF4 /* AddItemViewModelLogic.swift */; };
		A3B8B5B72BC889C5001BBAF4 /* MainListViewModelLogic.swift in Sources */ = {isa = PBXBuildFile; fileRef = A3B8B5B62BC889C5001BBAF4 /* MainListViewModelLogic.swift */; };
		A3CD40372B86A53D00CB3F25 /* AddItemView.swift in Sources */ = {isa = PBXBuildFile; fileRef = A3CD40362B86A53D00CB3F25 /* AddItemView.swift */; };
		A3CD403B2B86D06600CB3F25 /* SettingsView.swift in Sources */ = {isa = PBXBuildFile; fileRef = A3CD403A2B86D06600CB3F25 /* SettingsView.swift */; };
		A3CD403F2B87F5BC00CB3F25 /* ItemType.swift in Sources */ = {isa = PBXBuildFile; fileRef = A3CD403E2B87F5BC00CB3F25 /* ItemType.swift */; };
		A3CD40412B87F69700CB3F25 /* ItemInputType.swift in Sources */ = {isa = PBXBuildFile; fileRef = A3CD40402B87F69700CB3F25 /* ItemInputType.swift */; };
		A3CD40442B890CF100CB3F25 /* BounceBehavior.swift in Sources */ = {isa = PBXBuildFile; fileRef = A3CD40432B890CF100CB3F25 /* BounceBehavior.swift */; };
		A3CD40462B890D3200CB3F25 /* ScrollView+Extension.swift in Sources */ = {isa = PBXBuildFile; fileRef = A3CD40452B890D3200CB3F25 /* ScrollView+Extension.swift */; };
		A3CD40482B890D7100CB3F25 /* UIApplication+Extension.swift in Sources */ = {isa = PBXBuildFile; fileRef = A3CD40472B890D7100CB3F25 /* UIApplication+Extension.swift */; };
		A3CD404A2B890D9900CB3F25 /* ItemDisplayType.swift in Sources */ = {isa = PBXBuildFile; fileRef = A3CD40492B890D9900CB3F25 /* ItemDisplayType.swift */; };
		A3CD40512B89168200CB3F25 /* .gitignore in Resources */ = {isa = PBXBuildFile; fileRef = A3CD40502B89168200CB3F25 /* .gitignore */; };
		A3DA1D0D2B85518C00B821DA /* MainListView.swift in Sources */ = {isa = PBXBuildFile; fileRef = A3DA1D0C2B85518C00B821DA /* MainListView.swift */; };
		A3DA1D0F2B855ED400B821DA /* NavigationTitleView.swift in Sources */ = {isa = PBXBuildFile; fileRef = A3DA1D0E2B855ED400B821DA /* NavigationTitleView.swift */; };
		A3DA1D112B855F8F00B821DA /* MainRowView.swift in Sources */ = {isa = PBXBuildFile; fileRef = A3DA1D102B855F8F00B821DA /* MainRowView.swift */; };
		A3DA1D142B8561DF00B821DA /* Color+Extension.swift in Sources */ = {isa = PBXBuildFile; fileRef = A3DA1D132B8561DF00B821DA /* Color+Extension.swift */; };
		A3DA1D162B8562FE00B821DA /* UIColor+Extension.swift in Sources */ = {isa = PBXBuildFile; fileRef = A3DA1D152B8562FE00B821DA /* UIColor+Extension.swift */; };
/* End PBXBuildFile section */

/* Begin PBXContainerItemProxy section */
		A337928C2B853A2000CF7FE1 /* PBXContainerItemProxy */ = {
			isa = PBXContainerItemProxy;
			containerPortal = A337926D2B853A0900CF7FE1 /* Project object */;
			proxyType = 1;
			remoteGlobalIDString = A33792742B853A0900CF7FE1;
			remoteInfo = Keep;
		};
		A33792962B853A2000CF7FE1 /* PBXContainerItemProxy */ = {
			isa = PBXContainerItemProxy;
			containerPortal = A337926D2B853A0900CF7FE1 /* Project object */;
			proxyType = 1;
			remoteGlobalIDString = A33792742B853A0900CF7FE1;
			remoteInfo = Keep;
		};
/* End PBXContainerItemProxy section */

/* Begin PBXFileReference section */
		A33792752B853A0900CF7FE1 /* Keep.app */ = {isa = PBXFileReference; explicitFileType = wrapper.application; includeInIndex = 0; path = Keep.app; sourceTree = BUILT_PRODUCTS_DIR; };
		A33792782B853A0900CF7FE1 /* AppDelegate.swift */ = {isa = PBXFileReference; lastKnownFileType = sourcecode.swift; path = AppDelegate.swift; sourceTree = "<group>"; };
		A337927A2B853A0900CF7FE1 /* SceneDelegate.swift */ = {isa = PBXFileReference; lastKnownFileType = sourcecode.swift; path = SceneDelegate.swift; sourceTree = "<group>"; };
		A33792812B853A1F00CF7FE1 /* Assets.xcassets */ = {isa = PBXFileReference; lastKnownFileType = folder.assetcatalog; path = Assets.xcassets; sourceTree = "<group>"; };
		A33792842B853A1F00CF7FE1 /* Base */ = {isa = PBXFileReference; lastKnownFileType = file.storyboard; name = Base; path = Base.lproj/LaunchScreen.storyboard; sourceTree = "<group>"; };
		A33792862B853A1F00CF7FE1 /* Info.plist */ = {isa = PBXFileReference; lastKnownFileType = text.plist.xml; path = Info.plist; sourceTree = "<group>"; };
		A337928B2B853A2000CF7FE1 /* KeepTests.xctest */ = {isa = PBXFileReference; explicitFileType = wrapper.cfbundle; includeInIndex = 0; path = KeepTests.xctest; sourceTree = BUILT_PRODUCTS_DIR; };
		A337928F2B853A2000CF7FE1 /* KeepTests.swift */ = {isa = PBXFileReference; lastKnownFileType = sourcecode.swift; path = KeepTests.swift; sourceTree = "<group>"; };
		A33792952B853A2000CF7FE1 /* KeepUITests.xctest */ = {isa = PBXFileReference; explicitFileType = wrapper.cfbundle; includeInIndex = 0; path = KeepUITests.xctest; sourceTree = BUILT_PRODUCTS_DIR; };
		A33792992B853A2000CF7FE1 /* KeepUITests.swift */ = {isa = PBXFileReference; lastKnownFileType = sourcecode.swift; path = KeepUITests.swift; sourceTree = "<group>"; };
		A337929B2B853A2000CF7FE1 /* KeepUITestsLaunchTests.swift */ = {isa = PBXFileReference; lastKnownFileType = sourcecode.swift; path = KeepUITestsLaunchTests.swift; sourceTree = "<group>"; };
		A34B5ECD2BC9443E00F7D25D /* NetworkServiceType.swift */ = {isa = PBXFileReference; lastKnownFileType = sourcecode.swift; path = NetworkServiceType.swift; sourceTree = "<group>"; };
		A34B5ECF2BC9444A00F7D25D /* NetworkService.swift */ = {isa = PBXFileReference; lastKnownFileType = sourcecode.swift; path = NetworkService.swift; sourceTree = "<group>"; };
		A34B5ED32BC9448000F7D25D /* Endpoint.swift */ = {isa = PBXFileReference; lastKnownFileType = sourcecode.swift; path = Endpoint.swift; sourceTree = "<group>"; };
		A34B5ED52BC9448E00F7D25D /* HTTPMethod.swift */ = {isa = PBXFileReference; lastKnownFileType = sourcecode.swift; path = HTTPMethod.swift; sourceTree = "<group>"; };
		A34B5ED72BC944A500F7D25D /* URLCache+Extension.swift */ = {isa = PBXFileReference; lastKnownFileType = sourcecode.swift; path = "URLCache+Extension.swift"; sourceTree = "<group>"; };
		A35171032BB1CBA000A24D19 /* ItemBarButtonActionType.swift */ = {isa = PBXFileReference; lastKnownFileType = sourcecode.swift; path = ItemBarButtonActionType.swift; sourceTree = "<group>"; };
		A35171062BB33AE400A24D19 /* Helpers.swift */ = {isa = PBXFileReference; lastKnownFileType = sourcecode.swift; path = Helpers.swift; sourceTree = "<group>"; };
		A35171082BB366D200A24D19 /* KeepError.swift */ = {isa = PBXFileReference; lastKnownFileType = sourcecode.swift; path = KeepError.swift; sourceTree = "<group>"; };
		A351710B2BB367E200A24D19 /* KeepItem.swift */ = {isa = PBXFileReference; lastKnownFileType = sourcecode.swift; path = KeepItem.swift; sourceTree = "<group>"; };
		A351710D2BB3681400A24D19 /* Password.swift */ = {isa = PBXFileReference; lastKnownFileType = sourcecode.swift; path = Password.swift; sourceTree = "<group>"; };
		A351710F2BB3682300A24D19 /* BankAccount.swift */ = {isa = PBXFileReference; lastKnownFileType = sourcecode.swift; path = BankAccount.swift; sourceTree = "<group>"; };
		A35171112BB3683100A24D19 /* Card.swift */ = {isa = PBXFileReference; lastKnownFileType = sourcecode.swift; path = Card.swift; sourceTree = "<group>"; };
		A35171132BB3683900A24D19 /* Etc.swift */ = {isa = PBXFileReference; lastKnownFileType = sourcecode.swift; path = Etc.swift; sourceTree = "<group>"; };
		A35171152BB3814F00A24D19 /* KeychainError.swift */ = {isa = PBXFileReference; lastKnownFileType = sourcecode.swift; path = KeychainError.swift; sourceTree = "<group>"; };
		A35171172BB3880D00A24D19 /* KeepKey.swift */ = {isa = PBXFileReference; lastKnownFileType = sourcecode.swift; path = KeepKey.swift; sourceTree = "<group>"; };
		A35171192BB38A8D00A24D19 /* KeychainContainable.swift */ = {isa = PBXFileReference; lastKnownFileType = sourcecode.swift; path = KeychainContainable.swift; sourceTree = "<group>"; };
		A351711B2BB495AF00A24D19 /* OffsetAdjustableModifier.swift */ = {isa = PBXFileReference; lastKnownFileType = sourcecode.swift; path = OffsetAdjustableModifier.swift; sourceTree = "<group>"; };
		A351711D2BB497D300A24D19 /* KeychainContainableViewModel.swift */ = {isa = PBXFileReference; lastKnownFileType = sourcecode.swift; path = KeychainContainableViewModel.swift; sourceTree = "<group>"; };
		A351711F2BB4982500A24D19 /* KeychainServiceType.swift */ = {isa = PBXFileReference; lastKnownFileType = sourcecode.swift; path = KeychainServiceType.swift; sourceTree = "<group>"; };
		A35171252BB5785000A24D19 /* ItemViewModelTests.swift */ = {isa = PBXFileReference; lastKnownFileType = sourcecode.swift; path = ItemViewModelTests.swift; sourceTree = "<group>"; };
		A35171282BB5AE2600A24D19 /* CurrentItemView.swift */ = {isa = PBXFileReference; lastKnownFileType = sourcecode.swift; path = CurrentItemView.swift; sourceTree = "<group>"; };
		A351712A2BB5AE3300A24D19 /* CurrentItemViewModel.swift */ = {isa = PBXFileReference; lastKnownFileType = sourcecode.swift; path = CurrentItemViewModel.swift; sourceTree = "<group>"; };
		A351712C2BB5C4A800A24D19 /* CurrentItem.swift */ = {isa = PBXFileReference; lastKnownFileType = sourcecode.swift; path = CurrentItem.swift; sourceTree = "<group>"; };
		A35171302BB61AA400A24D19 /* DateFormatter+Extension.swift */ = {isa = PBXFileReference; lastKnownFileType = sourcecode.swift; path = "DateFormatter+Extension.swift"; sourceTree = "<group>"; };
		A35171322BB61ABD00A24D19 /* Date+Extension.swift */ = {isa = PBXFileReference; lastKnownFileType = sourcecode.swift; path = "Date+Extension.swift"; sourceTree = "<group>"; };
		A35171342BB61AEB00A24D19 /* Locale+Extension.swift */ = {isa = PBXFileReference; lastKnownFileType = sourcecode.swift; path = "Locale+Extension.swift"; sourceTree = "<group>"; };
		A35171362BB7671800A24D19 /* CurrentInfoItem.swift */ = {isa = PBXFileReference; lastKnownFileType = sourcecode.swift; path = CurrentInfoItem.swift; sourceTree = "<group>"; };
		A35171382BB7828C00A24D19 /* BottomSheetView.swift */ = {isa = PBXFileReference; lastKnownFileType = sourcecode.swift; path = BottomSheetView.swift; sourceTree = "<group>"; };
		A351713A2BB7835F00A24D19 /* RoundedCorners.swift */ = {isa = PBXFileReference; lastKnownFileType = sourcecode.swift; path = RoundedCorners.swift; sourceTree = "<group>"; };
		A368B0AB2B911FC600AEBC15 /* MainListViewModel.swift */ = {isa = PBXFileReference; lastKnownFileType = sourcecode.swift; path = MainListViewModel.swift; sourceTree = "<group>"; };
		A368B0AD2B91238300AEBC15 /* AuthView.swift */ = {isa = PBXFileReference; lastKnownFileType = sourcecode.swift; path = AuthView.swift; sourceTree = "<group>"; };
		A368B0B02B91280000AEBC15 /* MainView.swift */ = {isa = PBXFileReference; lastKnownFileType = sourcecode.swift; path = MainView.swift; sourceTree = "<group>"; };
		A368B0E82BA2608900AEBC15 /* AuthManager.swift */ = {isa = PBXFileReference; lastKnownFileType = sourcecode.swift; path = AuthManager.swift; sourceTree = "<group>"; };
		A368B0EA2BA260AF00AEBC15 /* AuthButton.swift */ = {isa = PBXFileReference; lastKnownFileType = sourcecode.swift; path = AuthButton.swift; sourceTree = "<group>"; };
		A368B0EC2BA26D8900AEBC15 /* AddItemViewModel.swift */ = {isa = PBXFileReference; lastKnownFileType = sourcecode.swift; path = AddItemViewModel.swift; sourceTree = "<group>"; };
		A368B0EE2BA3065500AEBC15 /* AddItem.swift */ = {isa = PBXFileReference; lastKnownFileType = sourcecode.swift; path = AddItem.swift; sourceTree = "<group>"; };
		A368B0F02BABA41200AEBC15 /* Publishers+Extension.swift */ = {isa = PBXFileReference; lastKnownFileType = sourcecode.swift; path = "Publishers+Extension.swift"; sourceTree = "<group>"; };
		A368B0F22BABA44400AEBC15 /* UIResponder+Extension.swift */ = {isa = PBXFileReference; lastKnownFileType = sourcecode.swift; path = "UIResponder+Extension.swift"; sourceTree = "<group>"; };
		A368B0F42BAC3B0700AEBC15 /* DatePickerView.swift */ = {isa = PBXFileReference; lastKnownFileType = sourcecode.swift; path = DatePickerView.swift; sourceTree = "<group>"; };
		A387CBAF2BADE8AC00E6231E /* ItemEditView.swift */ = {isa = PBXFileReference; lastKnownFileType = sourcecode.swift; path = ItemEditView.swift; sourceTree = "<group>"; };
		A387CBB32BAE8AE800E6231E /* View+Extension.swift */ = {isa = PBXFileReference; lastKnownFileType = sourcecode.swift; path = "View+Extension.swift"; sourceTree = "<group>"; };
		A387CBB52BAE8E3E00E6231E /* MainListItem.swift */ = {isa = PBXFileReference; lastKnownFileType = sourcecode.swift; path = MainListItem.swift; sourceTree = "<group>"; };
		A387CBB92BAF754F00E6231E /* ItemSubType.swift */ = {isa = PBXFileReference; lastKnownFileType = sourcecode.swift; path = ItemSubType.swift; sourceTree = "<group>"; };
		A387CBBB2BAF9DC700E6231E /* UserInputItem.swift */ = {isa = PBXFileReference; lastKnownFileType = sourcecode.swift; path = UserInputItem.swift; sourceTree = "<group>"; };
		A387CBBE2BB054B400E6231E /* KeychainService.swift */ = {isa = PBXFileReference; lastKnownFileType = sourcecode.swift; path = KeychainService.swift; sourceTree = "<group>"; };
		A387CBC02BB0EA9400E6231E /* SerializeType.swift */ = {isa = PBXFileReference; lastKnownFileType = sourcecode.swift; path = SerializeType.swift; sourceTree = "<group>"; };
		A387CBC22BB0EAA000E6231E /* Serializer.swift */ = {isa = PBXFileReference; lastKnownFileType = sourcecode.swift; path = Serializer.swift; sourceTree = "<group>"; };
		A3B8B5972BC05467001BBAF4 /* InputView.swift */ = {isa = PBXFileReference; lastKnownFileType = sourcecode.swift; path = InputView.swift; sourceTree = "<group>"; };
		A3B8B59A2BC054AD001BBAF4 /* InputViewItem.swift */ = {isa = PBXFileReference; lastKnownFileType = sourcecode.swift; path = InputViewItem.swift; sourceTree = "<group>"; };
		A3B8B59C2BC054BA001BBAF4 /* InputViewType.swift */ = {isa = PBXFileReference; lastKnownFileType = sourcecode.swift; path = InputViewType.swift; sourceTree = "<group>"; };
		A3B8B59F2BC05502001BBAF4 /* PlainInputView.swift */ = {isa = PBXFileReference; lastKnownFileType = sourcecode.swift; path = PlainInputView.swift; sourceTree = "<group>"; };
		A3B8B5A12BC0550E001BBAF4 /* MultilineInputView.swift */ = {isa = PBXFileReference; lastKnownFileType = sourcecode.swift; path = MultilineInputView.swift; sourceTree = "<group>"; };
		A3B8B5A32BC0551D001BBAF4 /* LondNumberInputView.swift */ = {isa = PBXFileReference; lastKnownFileType = sourcecode.swift; path = LondNumberInputView.swift; sourceTree = "<group>"; };
		A3B8B5A52BC05531001BBAF4 /* DateInputView.swift */ = {isa = PBXFileReference; lastKnownFileType = sourcecode.swift; path = DateInputView.swift; sourceTree = "<group>"; };
		A3B8B5A72BC08673001BBAF4 /* Toast.swift */ = {isa = PBXFileReference; lastKnownFileType = sourcecode.swift; path = Toast.swift; sourceTree = "<group>"; };
		A3B8B5A92BC0AE75001BBAF4 /* String+Extension.swift */ = {isa = PBXFileReference; lastKnownFileType = sourcecode.swift; path = "String+Extension.swift"; sourceTree = "<group>"; };
		A3B8B5AB2BC5FEAE001BBAF4 /* ItemEditViewModel.swift */ = {isa = PBXFileReference; lastKnownFileType = sourcecode.swift; path = ItemEditViewModel.swift; sourceTree = "<group>"; };
		A3B8B5AD2BC60156001BBAF4 /* ItemEditItem.swift */ = {isa = PBXFileReference; lastKnownFileType = sourcecode.swift; path = ItemEditItem.swift; sourceTree = "<group>"; };
		A3B8B5B02BC86BB4001BBAF4 /* ItemEditViewModelLogic.swift */ = {isa = PBXFileReference; lastKnownFileType = sourcecode.swift; path = ItemEditViewModelLogic.swift; sourceTree = "<group>"; };
		A3B8B5B22BC86BF7001BBAF4 /* CurrentItemViewModelLogic.swift */ = {isa = PBXFileReference; lastKnownFileType = sourcecode.swift; path = CurrentItemViewModelLogic.swift; sourceTree = "<group>"; };
		A3B8B5B42BC86C1B001BBAF4 /* AddItemViewModelLogic.swift */ = {isa = PBXFileReference; lastKnownFileType = sourcecode.swift; path = AddItemViewModelLogic.swift; sourceTree = "<group>"; };
		A3B8B5B62BC889C5001BBAF4 /* MainListViewModelLogic.swift */ = {isa = PBXFileReference; lastKnownFileType = sourcecode.swift; path = MainListViewModelLogic.swift; sourceTree = "<group>"; };
		A3CD40362B86A53D00CB3F25 /* AddItemView.swift */ = {isa = PBXFileReference; lastKnownFileType = sourcecode.swift; path = AddItemView.swift; sourceTree = "<group>"; };
		A3CD403A2B86D06600CB3F25 /* SettingsView.swift */ = {isa = PBXFileReference; lastKnownFileType = sourcecode.swift; path = SettingsView.swift; sourceTree = "<group>"; };
		A3CD403E2B87F5BC00CB3F25 /* ItemType.swift */ = {isa = PBXFileReference; lastKnownFileType = sourcecode.swift; path = ItemType.swift; sourceTree = "<group>"; };
		A3CD40402B87F69700CB3F25 /* ItemInputType.swift */ = {isa = PBXFileReference; lastKnownFileType = sourcecode.swift; path = ItemInputType.swift; sourceTree = "<group>"; };
		A3CD40432B890CF100CB3F25 /* BounceBehavior.swift */ = {isa = PBXFileReference; lastKnownFileType = sourcecode.swift; path = BounceBehavior.swift; sourceTree = "<group>"; };
		A3CD40452B890D3200CB3F25 /* ScrollView+Extension.swift */ = {isa = PBXFileReference; lastKnownFileType = sourcecode.swift; path = "ScrollView+Extension.swift"; sourceTree = "<group>"; };
		A3CD40472B890D7100CB3F25 /* UIApplication+Extension.swift */ = {isa = PBXFileReference; lastKnownFileType = sourcecode.swift; path = "UIApplication+Extension.swift"; sourceTree = "<group>"; };
		A3CD40492B890D9900CB3F25 /* ItemDisplayType.swift */ = {isa = PBXFileReference; lastKnownFileType = sourcecode.swift; path = ItemDisplayType.swift; sourceTree = "<group>"; };
		A3CD40502B89168200CB3F25 /* .gitignore */ = {isa = PBXFileReference; fileEncoding = 4; lastKnownFileType = text; path = .gitignore; sourceTree = "<group>"; };
		A3DA1D0C2B85518C00B821DA /* MainListView.swift */ = {isa = PBXFileReference; lastKnownFileType = sourcecode.swift; path = MainListView.swift; sourceTree = "<group>"; };
		A3DA1D0E2B855ED400B821DA /* NavigationTitleView.swift */ = {isa = PBXFileReference; lastKnownFileType = sourcecode.swift; path = NavigationTitleView.swift; sourceTree = "<group>"; };
		A3DA1D102B855F8F00B821DA /* MainRowView.swift */ = {isa = PBXFileReference; lastKnownFileType = sourcecode.swift; path = MainRowView.swift; sourceTree = "<group>"; };
		A3DA1D132B8561DF00B821DA /* Color+Extension.swift */ = {isa = PBXFileReference; lastKnownFileType = sourcecode.swift; path = "Color+Extension.swift"; sourceTree = "<group>"; };
		A3DA1D152B8562FE00B821DA /* UIColor+Extension.swift */ = {isa = PBXFileReference; lastKnownFileType = sourcecode.swift; path = "UIColor+Extension.swift"; sourceTree = "<group>"; };
/* End PBXFileReference section */

/* Begin PBXFrameworksBuildPhase section */
		A33792722B853A0900CF7FE1 /* Frameworks */ = {
			isa = PBXFrameworksBuildPhase;
			buildActionMask = 2147483647;
			files = (
			);
			runOnlyForDeploymentPostprocessing = 0;
		};
		A33792882B853A2000CF7FE1 /* Frameworks */ = {
			isa = PBXFrameworksBuildPhase;
			buildActionMask = 2147483647;
			files = (
			);
			runOnlyForDeploymentPostprocessing = 0;
		};
		A33792922B853A2000CF7FE1 /* Frameworks */ = {
			isa = PBXFrameworksBuildPhase;
			buildActionMask = 2147483647;
			files = (
			);
			runOnlyForDeploymentPostprocessing = 0;
		};
/* End PBXFrameworksBuildPhase section */

/* Begin PBXGroup section */
		A337926C2B853A0900CF7FE1 = {
			isa = PBXGroup;
			children = (
				A3CD40502B89168200CB3F25 /* .gitignore */,
				A33792772B853A0900CF7FE1 /* Keep */,
				A337928E2B853A2000CF7FE1 /* KeepTests */,
				A33792982B853A2000CF7FE1 /* KeepUITests */,
				A33792762B853A0900CF7FE1 /* Products */,
			);
			sourceTree = "<group>";
		};
		A33792762B853A0900CF7FE1 /* Products */ = {
			isa = PBXGroup;
			children = (
				A33792752B853A0900CF7FE1 /* Keep.app */,
				A337928B2B853A2000CF7FE1 /* KeepTests.xctest */,
				A33792952B853A2000CF7FE1 /* KeepUITests.xctest */,
			);
			name = Products;
			sourceTree = "<group>";
		};
		A33792772B853A0900CF7FE1 /* Keep */ = {
			isa = PBXGroup;
			children = (
				A34B5ECC2BC9442400F7D25D /* Service */,
				A387CBBD2BB0410B00E6231E /* Keychain */,
				A3DA1D062B85470B00B821DA /* Common */,
				A3DA1D072B85471300B821DA /* Features */,
				A33792862B853A1F00CF7FE1 /* Info.plist */,
			);
			path = Keep;
			sourceTree = "<group>";
		};
		A337928E2B853A2000CF7FE1 /* KeepTests */ = {
			isa = PBXGroup;
			children = (
				A337928F2B853A2000CF7FE1 /* KeepTests.swift */,
				A35171252BB5785000A24D19 /* ItemViewModelTests.swift */,
			);
			path = KeepTests;
			sourceTree = "<group>";
		};
		A33792982B853A2000CF7FE1 /* KeepUITests */ = {
			isa = PBXGroup;
			children = (
				A33792992B853A2000CF7FE1 /* KeepUITests.swift */,
				A337929B2B853A2000CF7FE1 /* KeepUITestsLaunchTests.swift */,
			);
			path = KeepUITests;
			sourceTree = "<group>";
		};
		A34B5ECC2BC9442400F7D25D /* Service */ = {
			isa = PBXGroup;
			children = (
				A34B5ECD2BC9443E00F7D25D /* NetworkServiceType.swift */,
				A34B5ECF2BC9444A00F7D25D /* NetworkService.swift */,
				A34B5ED32BC9448000F7D25D /* Endpoint.swift */,
				A34B5ED52BC9448E00F7D25D /* HTTPMethod.swift */,
			);
			path = Service;
			sourceTree = "<group>";
		};
		A35171052BB33AD800A24D19 /* Helper */ = {
			isa = PBXGroup;
			children = (
				A35171062BB33AE400A24D19 /* Helpers.swift */,
			);
			path = Helper;
			sourceTree = "<group>";
		};
		A351710A2BB367D200A24D19 /* Model */ = {
			isa = PBXGroup;
			children = (
				A351710B2BB367E200A24D19 /* KeepItem.swift */,
				A351710D2BB3681400A24D19 /* Password.swift */,
				A351710F2BB3682300A24D19 /* BankAccount.swift */,
				A35171112BB3683100A24D19 /* Card.swift */,
				A35171132BB3683900A24D19 /* Etc.swift */,
				A387CBBB2BAF9DC700E6231E /* UserInputItem.swift */,
			);
			path = Model;
			sourceTree = "<group>";
		};
		A35171272BB5AE0300A24D19 /* CurrentItem */ = {
			isa = PBXGroup;
			children = (
				A3B8B5B22BC86BF7001BBAF4 /* CurrentItemViewModelLogic.swift */,
				A35171282BB5AE2600A24D19 /* CurrentItemView.swift */,
				A351712A2BB5AE3300A24D19 /* CurrentItemViewModel.swift */,
				A351712C2BB5C4A800A24D19 /* CurrentItem.swift */,
				A35171362BB7671800A24D19 /* CurrentInfoItem.swift */,
			);
			path = CurrentItem;
			sourceTree = "<group>";
		};
		A368B0AF2B9127DC00AEBC15 /* Main */ = {
			isa = PBXGroup;
			children = (
				A368B0B02B91280000AEBC15 /* MainView.swift */,
			);
			path = Main;
			sourceTree = "<group>";
		};
		A387CBA82BACD1CC00E6231E /* Types */ = {
			isa = PBXGroup;
			children = (
				A3CD403E2B87F5BC00CB3F25 /* ItemType.swift */,
				A3CD40402B87F69700CB3F25 /* ItemInputType.swift */,
				A3CD40492B890D9900CB3F25 /* ItemDisplayType.swift */,
				A387CBB92BAF754F00E6231E /* ItemSubType.swift */,
				A35171032BB1CBA000A24D19 /* ItemBarButtonActionType.swift */,
			);
			path = Types;
			sourceTree = "<group>";
		};
		A387CBAC2BADE86000E6231E /* ItemEdit */ = {
			isa = PBXGroup;
			children = (
				A3B8B5B02BC86BB4001BBAF4 /* ItemEditViewModelLogic.swift */,
				A387CBAF2BADE8AC00E6231E /* ItemEditView.swift */,
				A3B8B5AB2BC5FEAE001BBAF4 /* ItemEditViewModel.swift */,
				A3B8B5AD2BC60156001BBAF4 /* ItemEditItem.swift */,
			);
			path = ItemEdit;
			sourceTree = "<group>";
		};
		A387CBAE2BADE88E00E6231E /* AddItemView */ = {
			isa = PBXGroup;
			children = (
				A3B8B5B42BC86C1B001BBAF4 /* AddItemViewModelLogic.swift */,
				A3CD40362B86A53D00CB3F25 /* AddItemView.swift */,
				A368B0EC2BA26D8900AEBC15 /* AddItemViewModel.swift */,
				A368B0EE2BA3065500AEBC15 /* AddItem.swift */,
			);
			path = AddItemView;
			sourceTree = "<group>";
		};
		A387CBBD2BB0410B00E6231E /* Keychain */ = {
			isa = PBXGroup;
			children = (
				A351711F2BB4982500A24D19 /* KeychainServiceType.swift */,
				A387CBBE2BB054B400E6231E /* KeychainService.swift */,
				A387CBC02BB0EA9400E6231E /* SerializeType.swift */,
				A387CBC22BB0EAA000E6231E /* Serializer.swift */,
				A35171152BB3814F00A24D19 /* KeychainError.swift */,
				A35171172BB3880D00A24D19 /* KeepKey.swift */,
				A35171192BB38A8D00A24D19 /* KeychainContainable.swift */,
				A351711D2BB497D300A24D19 /* KeychainContainableViewModel.swift */,
			);
			path = Keychain;
			sourceTree = "<group>";
		};
		A3B8B5992BC0548F001BBAF4 /* InputView */ = {
			isa = PBXGroup;
			children = (
				A3B8B59E2BC054F7001BBAF4 /* SubInputViews */,
				A3B8B5972BC05467001BBAF4 /* InputView.swift */,
				A3B8B59A2BC054AD001BBAF4 /* InputViewItem.swift */,
				A3B8B59C2BC054BA001BBAF4 /* InputViewType.swift */,
			);
			path = InputView;
			sourceTree = "<group>";
		};
		A3B8B59E2BC054F7001BBAF4 /* SubInputViews */ = {
			isa = PBXGroup;
			children = (
				A3B8B59F2BC05502001BBAF4 /* PlainInputView.swift */,
				A3B8B5A12BC0550E001BBAF4 /* MultilineInputView.swift */,
				A3B8B5A32BC0551D001BBAF4 /* LondNumberInputView.swift */,
				A3B8B5A52BC05531001BBAF4 /* DateInputView.swift */,
			);
			path = SubInputViews;
			sourceTree = "<group>";
		};
		A3CD40322B86966100CB3F25 /* UI */ = {
			isa = PBXGroup;
			children = (
				A3B8B5992BC0548F001BBAF4 /* InputView */,
				A3DA1D0E2B855ED400B821DA /* NavigationTitleView.swift */,
				A368B0F42BAC3B0700AEBC15 /* DatePickerView.swift */,
				A35171382BB7828C00A24D19 /* BottomSheetView.swift */,
				A3B8B5A72BC08673001BBAF4 /* Toast.swift */,
			);
			path = UI;
			sourceTree = "<group>";
		};
		A3CD40352B86A52900CB3F25 /* Item */ = {
			isa = PBXGroup;
			children = (
				A351710A2BB367D200A24D19 /* Model */,
				A35171272BB5AE0300A24D19 /* CurrentItem */,
				A387CBAE2BADE88E00E6231E /* AddItemView */,
				A387CBAC2BADE86000E6231E /* ItemEdit */,
				A387CBA82BACD1CC00E6231E /* Types */,
			);
			path = Item;
			sourceTree = "<group>";
		};
		A3CD40422B890CDD00CB3F25 /* Models */ = {
			isa = PBXGroup;
			children = (
				A3CD40432B890CF100CB3F25 /* BounceBehavior.swift */,
				A35171082BB366D200A24D19 /* KeepError.swift */,
				A351713A2BB7835F00A24D19 /* RoundedCorners.swift */,
			);
			path = Models;
			sourceTree = "<group>";
		};
		A3CD404B2B8910FA00CB3F25 /* Modifiers */ = {
			isa = PBXGroup;
			children = (
				A351711B2BB495AF00A24D19 /* OffsetAdjustableModifier.swift */,
			);
			path = Modifiers;
			sourceTree = "<group>";
		};
		A3DA1D062B85470B00B821DA /* Common */ = {
			isa = PBXGroup;
			children = (
				A35171052BB33AD800A24D19 /* Helper */,
				A3CD404B2B8910FA00CB3F25 /* Modifiers */,
				A3CD40422B890CDD00CB3F25 /* Models */,
				A3CD40322B86966100CB3F25 /* UI */,
				A3DA1D122B8561C400B821DA /* Extensions */,
				A33792782B853A0900CF7FE1 /* AppDelegate.swift */,
				A337927A2B853A0900CF7FE1 /* SceneDelegate.swift */,
				A33792812B853A1F00CF7FE1 /* Assets.xcassets */,
				A33792832B853A1F00CF7FE1 /* LaunchScreen.storyboard */,
			);
			path = Common;
			sourceTree = "<group>";
		};
		A3DA1D072B85471300B821DA /* Features */ = {
			isa = PBXGroup;
			children = (
				A368B0AF2B9127DC00AEBC15 /* Main */,
				A3DA1D082B85475200B821DA /* MainList */,
				A3CD40352B86A52900CB3F25 /* Item */,
				A3DA1D0B2B854F1500B821DA /* Authentication */,
				A3DA1D0A2B854F0F00B821DA /* Settings */,
			);
			path = Features;
			sourceTree = "<group>";
		};
		A3DA1D082B85475200B821DA /* MainList */ = {
			isa = PBXGroup;
			children = (
				A3DA1D0C2B85518C00B821DA /* MainListView.swift */,
				A3DA1D102B855F8F00B821DA /* MainRowView.swift */,
				A368B0AB2B911FC600AEBC15 /* MainListViewModel.swift */,
				A387CBB52BAE8E3E00E6231E /* MainListItem.swift */,
				A3B8B5B62BC889C5001BBAF4 /* MainListViewModelLogic.swift */,
			);
			path = MainList;
			sourceTree = "<group>";
		};
		A3DA1D0A2B854F0F00B821DA /* Settings */ = {
			isa = PBXGroup;
			children = (
				A3CD403A2B86D06600CB3F25 /* SettingsView.swift */,
			);
			path = Settings;
			sourceTree = "<group>";
		};
		A3DA1D0B2B854F1500B821DA /* Authentication */ = {
			isa = PBXGroup;
			children = (
				A368B0AD2B91238300AEBC15 /* AuthView.swift */,
				A368B0E82BA2608900AEBC15 /* AuthManager.swift */,
				A368B0EA2BA260AF00AEBC15 /* AuthButton.swift */,
			);
			path = Authentication;
			sourceTree = "<group>";
		};
		A3DA1D122B8561C400B821DA /* Extensions */ = {
			isa = PBXGroup;
			children = (
				A3CD40452B890D3200CB3F25 /* ScrollView+Extension.swift */,
				A3DA1D132B8561DF00B821DA /* Color+Extension.swift */,
				A3DA1D152B8562FE00B821DA /* UIColor+Extension.swift */,
				A3CD40472B890D7100CB3F25 /* UIApplication+Extension.swift */,
				A368B0F02BABA41200AEBC15 /* Publishers+Extension.swift */,
				A368B0F22BABA44400AEBC15 /* UIResponder+Extension.swift */,
				A387CBB32BAE8AE800E6231E /* View+Extension.swift */,
				A35171302BB61AA400A24D19 /* DateFormatter+Extension.swift */,
				A35171322BB61ABD00A24D19 /* Date+Extension.swift */,
				A35171342BB61AEB00A24D19 /* Locale+Extension.swift */,
				A3B8B5A92BC0AE75001BBAF4 /* String+Extension.swift */,
				A34B5ED72BC944A500F7D25D /* URLCache+Extension.swift */,
			);
			path = Extensions;
			sourceTree = "<group>";
		};
/* End PBXGroup section */

/* Begin PBXNativeTarget section */
		A33792742B853A0900CF7FE1 /* Keep */ = {
			isa = PBXNativeTarget;
			buildConfigurationList = A337929F2B853A2000CF7FE1 /* Build configuration list for PBXNativeTarget "Keep" */;
			buildPhases = (
				A33792712B853A0900CF7FE1 /* Sources */,
				A33792722B853A0900CF7FE1 /* Frameworks */,
				A33792732B853A0900CF7FE1 /* Resources */,
			);
			buildRules = (
			);
			dependencies = (
			);
			name = Keep;
			productName = Keep;
			productReference = A33792752B853A0900CF7FE1 /* Keep.app */;
			productType = "com.apple.product-type.application";
		};
		A337928A2B853A2000CF7FE1 /* KeepTests */ = {
			isa = PBXNativeTarget;
			buildConfigurationList = A33792A22B853A2000CF7FE1 /* Build configuration list for PBXNativeTarget "KeepTests" */;
			buildPhases = (
				A33792872B853A2000CF7FE1 /* Sources */,
				A33792882B853A2000CF7FE1 /* Frameworks */,
				A33792892B853A2000CF7FE1 /* Resources */,
			);
			buildRules = (
			);
			dependencies = (
				A337928D2B853A2000CF7FE1 /* PBXTargetDependency */,
			);
			name = KeepTests;
			productName = KeepTests;
			productReference = A337928B2B853A2000CF7FE1 /* KeepTests.xctest */;
			productType = "com.apple.product-type.bundle.unit-test";
		};
		A33792942B853A2000CF7FE1 /* KeepUITests */ = {
			isa = PBXNativeTarget;
			buildConfigurationList = A33792A52B853A2000CF7FE1 /* Build configuration list for PBXNativeTarget "KeepUITests" */;
			buildPhases = (
				A33792912B853A2000CF7FE1 /* Sources */,
				A33792922B853A2000CF7FE1 /* Frameworks */,
				A33792932B853A2000CF7FE1 /* Resources */,
			);
			buildRules = (
			);
			dependencies = (
				A33792972B853A2000CF7FE1 /* PBXTargetDependency */,
			);
			name = KeepUITests;
			productName = KeepUITests;
			productReference = A33792952B853A2000CF7FE1 /* KeepUITests.xctest */;
			productType = "com.apple.product-type.bundle.ui-testing";
		};
/* End PBXNativeTarget section */

/* Begin PBXProject section */
		A337926D2B853A0900CF7FE1 /* Project object */ = {
			isa = PBXProject;
			attributes = {
				BuildIndependentTargetsInParallel = 1;
				LastSwiftUpdateCheck = 1430;
				LastUpgradeCheck = 1430;
				TargetAttributes = {
					A33792742B853A0900CF7FE1 = {
						CreatedOnToolsVersion = 14.3;
					};
					A337928A2B853A2000CF7FE1 = {
						CreatedOnToolsVersion = 14.3;
						TestTargetID = A33792742B853A0900CF7FE1;
					};
					A33792942B853A2000CF7FE1 = {
						CreatedOnToolsVersion = 14.3;
						TestTargetID = A33792742B853A0900CF7FE1;
					};
				};
			};
			buildConfigurationList = A33792702B853A0900CF7FE1 /* Build configuration list for PBXProject "Keep" */;
			compatibilityVersion = "Xcode 14.0";
			developmentRegion = en;
			hasScannedForEncodings = 0;
			knownRegions = (
				en,
				Base,
			);
			mainGroup = A337926C2B853A0900CF7FE1;
			productRefGroup = A33792762B853A0900CF7FE1 /* Products */;
			projectDirPath = "";
			projectRoot = "";
			targets = (
				A33792742B853A0900CF7FE1 /* Keep */,
				A337928A2B853A2000CF7FE1 /* KeepTests */,
				A33792942B853A2000CF7FE1 /* KeepUITests */,
			);
		};
/* End PBXProject section */

/* Begin PBXResourcesBuildPhase section */
		A33792732B853A0900CF7FE1 /* Resources */ = {
			isa = PBXResourcesBuildPhase;
			buildActionMask = 2147483647;
			files = (
				A33792852B853A1F00CF7FE1 /* LaunchScreen.storyboard in Resources */,
				A3CD40512B89168200CB3F25 /* .gitignore in Resources */,
				A33792822B853A1F00CF7FE1 /* Assets.xcassets in Resources */,
			);
			runOnlyForDeploymentPostprocessing = 0;
		};
		A33792892B853A2000CF7FE1 /* Resources */ = {
			isa = PBXResourcesBuildPhase;
			buildActionMask = 2147483647;
			files = (
			);
			runOnlyForDeploymentPostprocessing = 0;
		};
		A33792932B853A2000CF7FE1 /* Resources */ = {
			isa = PBXResourcesBuildPhase;
			buildActionMask = 2147483647;
			files = (
			);
			runOnlyForDeploymentPostprocessing = 0;
		};
/* End PBXResourcesBuildPhase section */

/* Begin PBXSourcesBuildPhase section */
		A33792712B853A0900CF7FE1 /* Sources */ = {
			isa = PBXSourcesBuildPhase;
			buildActionMask = 2147483647;
			files = (
				A34B5ECE2BC9443E00F7D25D /* NetworkServiceType.swift in Sources */,
				A351713B2BB7835F00A24D19 /* RoundedCorners.swift in Sources */,
				A35171292BB5AE2600A24D19 /* CurrentItemView.swift in Sources */,
				A35171142BB3683900A24D19 /* Etc.swift in Sources */,
				A3B8B5B32BC86BF7001BBAF4 /* CurrentItemViewModelLogic.swift in Sources */,
				A3CD40482B890D7100CB3F25 /* UIApplication+Extension.swift in Sources */,
				A35171072BB33AE400A24D19 /* Helpers.swift in Sources */,
				A387CBC32BB0EAA000E6231E /* Serializer.swift in Sources */,
				A34B5ED62BC9448E00F7D25D /* HTTPMethod.swift in Sources */,
				A368B0EB2BA260AF00AEBC15 /* AuthButton.swift in Sources */,
				A368B0E92BA2608900AEBC15 /* AuthManager.swift in Sources */,
				A351710C2BB367E200A24D19 /* KeepItem.swift in Sources */,
				A3DA1D162B8562FE00B821DA /* UIColor+Extension.swift in Sources */,
				A35171312BB61AA400A24D19 /* DateFormatter+Extension.swift in Sources */,
				A387CBBC2BAF9DC700E6231E /* UserInputItem.swift in Sources */,
				A35171372BB7671800A24D19 /* CurrentInfoItem.swift in Sources */,
				A34B5ED02BC9444A00F7D25D /* NetworkService.swift in Sources */,
				A3B8B5B12BC86BB4001BBAF4 /* ItemEditViewModelLogic.swift in Sources */,
				A34B5ED82BC944A500F7D25D /* URLCache+Extension.swift in Sources */,
				A3CD40442B890CF100CB3F25 /* BounceBehavior.swift in Sources */,
				A3CD40372B86A53D00CB3F25 /* AddItemView.swift in Sources */,
				A3B8B59B2BC054AD001BBAF4 /* InputViewItem.swift in Sources */,
				A3CD403F2B87F5BC00CB3F25 /* ItemType.swift in Sources */,
				A387CBBA2BAF754F00E6231E /* ItemSubType.swift in Sources */,
				A351711A2BB38A8D00A24D19 /* KeychainContainable.swift in Sources */,
				A35171332BB61ABD00A24D19 /* Date+Extension.swift in Sources */,
				A3B8B5A42BC0551D001BBAF4 /* LondNumberInputView.swift in Sources */,
				A3B8B5982BC05467001BBAF4 /* InputView.swift in Sources */,
				A35171042BB1CBA000A24D19 /* ItemBarButtonActionType.swift in Sources */,
				A3B8B5B72BC889C5001BBAF4 /* MainListViewModelLogic.swift in Sources */,
				A368B0EF2BA3065500AEBC15 /* AddItem.swift in Sources */,
				A3B8B5AE2BC60156001BBAF4 /* ItemEditItem.swift in Sources */,
				A368B0ED2BA26D8900AEBC15 /* AddItemViewModel.swift in Sources */,
				A35171162BB3814F00A24D19 /* KeychainError.swift in Sources */,
				A3CD40412B87F69700CB3F25 /* ItemInputType.swift in Sources */,
				A368B0B12B91280000AEBC15 /* MainView.swift in Sources */,
				A368B0F12BABA41200AEBC15 /* Publishers+Extension.swift in Sources */,
				A368B0F52BAC3B0700AEBC15 /* DatePickerView.swift in Sources */,
				A35171102BB3682300A24D19 /* BankAccount.swift in Sources */,
				A3DA1D0D2B85518C00B821DA /* MainListView.swift in Sources */,
				A35171092BB366D200A24D19 /* KeepError.swift in Sources */,
				A3B8B5AA2BC0AE75001BBAF4 /* String+Extension.swift in Sources */,
				A35171352BB61AEB00A24D19 /* Locale+Extension.swift in Sources */,
				A387CBB42BAE8AE800E6231E /* View+Extension.swift in Sources */,
				A387CBB02BADE8AC00E6231E /* ItemEditView.swift in Sources */,
				A3B8B5B52BC86C1B001BBAF4 /* AddItemViewModelLogic.swift in Sources */,
				A3DA1D142B8561DF00B821DA /* Color+Extension.swift in Sources */,
				A351712D2BB5C4A800A24D19 /* CurrentItem.swift in Sources */,
				A3B8B5A22BC0550E001BBAF4 /* MultilineInputView.swift in Sources */,
				A351711C2BB495AF00A24D19 /* OffsetAdjustableModifier.swift in Sources */,
				A351712B2BB5AE3300A24D19 /* CurrentItemViewModel.swift in Sources */,
				A35171202BB4982500A24D19 /* KeychainServiceType.swift in Sources */,
				A387CBC12BB0EA9400E6231E /* SerializeType.swift in Sources */,
				A35171392BB7828C00A24D19 /* BottomSheetView.swift in Sources */,
				A3B8B5A62BC05531001BBAF4 /* DateInputView.swift in Sources */,
				A3B8B5AC2BC5FEAE001BBAF4 /* ItemEditViewModel.swift in Sources */,
				A3DA1D112B855F8F00B821DA /* MainRowView.swift in Sources */,
				A35171122BB3683100A24D19 /* Card.swift in Sources */,
				A34B5ED42BC9448100F7D25D /* Endpoint.swift in Sources */,
				A3B8B59D2BC054BA001BBAF4 /* InputViewType.swift in Sources */,
				A3DA1D0F2B855ED400B821DA /* NavigationTitleView.swift in Sources */,
				A35171182BB3880D00A24D19 /* KeepKey.swift in Sources */,
				A368B0AE2B91238300AEBC15 /* AuthView.swift in Sources */,
				A3B8B5A82BC08673001BBAF4 /* Toast.swift in Sources */,
				A351710E2BB3681400A24D19 /* Password.swift in Sources */,
				A3CD404A2B890D9900CB3F25 /* ItemDisplayType.swift in Sources */,
				A368B0F32BABA44400AEBC15 /* UIResponder+Extension.swift in Sources */,
				A33792792B853A0900CF7FE1 /* AppDelegate.swift in Sources */,
				A337927B2B853A0900CF7FE1 /* SceneDelegate.swift in Sources */,
				A387CBBF2BB054B400E6231E /* KeychainService.swift in Sources */,
				A3CD40462B890D3200CB3F25 /* ScrollView+Extension.swift in Sources */,
				A387CBB62BAE8E3E00E6231E /* MainListItem.swift in Sources */,
				A3CD403B2B86D06600CB3F25 /* SettingsView.swift in Sources */,
				A368B0AC2B911FC600AEBC15 /* MainListViewModel.swift in Sources */,
				A3B8B5A02BC05502001BBAF4 /* PlainInputView.swift in Sources */,
				A351711E2BB497D300A24D19 /* KeychainContainableViewModel.swift in Sources */,
			);
			runOnlyForDeploymentPostprocessing = 0;
		};
		A33792872B853A2000CF7FE1 /* Sources */ = {
			isa = PBXSourcesBuildPhase;
			buildActionMask = 2147483647;
			files = (
				A33792902B853A2000CF7FE1 /* KeepTests.swift in Sources */,
				A35171262BB5785000A24D19 /* ItemViewModelTests.swift in Sources */,
			);
			runOnlyForDeploymentPostprocessing = 0;
		};
		A33792912B853A2000CF7FE1 /* Sources */ = {
			isa = PBXSourcesBuildPhase;
			buildActionMask = 2147483647;
			files = (
				A337929A2B853A2000CF7FE1 /* KeepUITests.swift in Sources */,
				A337929C2B853A2000CF7FE1 /* KeepUITestsLaunchTests.swift in Sources */,
			);
			runOnlyForDeploymentPostprocessing = 0;
		};
/* End PBXSourcesBuildPhase section */

/* Begin PBXTargetDependency section */
		A337928D2B853A2000CF7FE1 /* PBXTargetDependency */ = {
			isa = PBXTargetDependency;
			target = A33792742B853A0900CF7FE1 /* Keep */;
			targetProxy = A337928C2B853A2000CF7FE1 /* PBXContainerItemProxy */;
		};
		A33792972B853A2000CF7FE1 /* PBXTargetDependency */ = {
			isa = PBXTargetDependency;
			target = A33792742B853A0900CF7FE1 /* Keep */;
			targetProxy = A33792962B853A2000CF7FE1 /* PBXContainerItemProxy */;
		};
/* End PBXTargetDependency section */

/* Begin PBXVariantGroup section */
		A33792832B853A1F00CF7FE1 /* LaunchScreen.storyboard */ = {
			isa = PBXVariantGroup;
			children = (
				A33792842B853A1F00CF7FE1 /* Base */,
			);
			name = LaunchScreen.storyboard;
			sourceTree = "<group>";
		};
/* End PBXVariantGroup section */

/* Begin XCBuildConfiguration section */
		A337929D2B853A2000CF7FE1 /* Debug */ = {
			isa = XCBuildConfiguration;
			buildSettings = {
				ALWAYS_SEARCH_USER_PATHS = NO;
				CLANG_ANALYZER_NONNULL = YES;
				CLANG_ANALYZER_NUMBER_OBJECT_CONVERSION = YES_AGGRESSIVE;
				CLANG_CXX_LANGUAGE_STANDARD = "gnu++20";
				CLANG_ENABLE_MODULES = YES;
				CLANG_ENABLE_OBJC_ARC = YES;
				CLANG_ENABLE_OBJC_WEAK = YES;
				CLANG_WARN_BLOCK_CAPTURE_AUTORELEASING = YES;
				CLANG_WARN_BOOL_CONVERSION = YES;
				CLANG_WARN_COMMA = YES;
				CLANG_WARN_CONSTANT_CONVERSION = YES;
				CLANG_WARN_DEPRECATED_OBJC_IMPLEMENTATIONS = YES;
				CLANG_WARN_DIRECT_OBJC_ISA_USAGE = YES_ERROR;
				CLANG_WARN_DOCUMENTATION_COMMENTS = YES;
				CLANG_WARN_EMPTY_BODY = YES;
				CLANG_WARN_ENUM_CONVERSION = YES;
				CLANG_WARN_INFINITE_RECURSION = YES;
				CLANG_WARN_INT_CONVERSION = YES;
				CLANG_WARN_NON_LITERAL_NULL_CONVERSION = YES;
				CLANG_WARN_OBJC_IMPLICIT_RETAIN_SELF = YES;
				CLANG_WARN_OBJC_LITERAL_CONVERSION = YES;
				CLANG_WARN_OBJC_ROOT_CLASS = YES_ERROR;
				CLANG_WARN_QUOTED_INCLUDE_IN_FRAMEWORK_HEADER = YES;
				CLANG_WARN_RANGE_LOOP_ANALYSIS = YES;
				CLANG_WARN_STRICT_PROTOTYPES = YES;
				CLANG_WARN_SUSPICIOUS_MOVE = YES;
				CLANG_WARN_UNGUARDED_AVAILABILITY = YES_AGGRESSIVE;
				CLANG_WARN_UNREACHABLE_CODE = YES;
				CLANG_WARN__DUPLICATE_METHOD_MATCH = YES;
				COPY_PHASE_STRIP = NO;
				DEBUG_INFORMATION_FORMAT = dwarf;
				ENABLE_STRICT_OBJC_MSGSEND = YES;
				ENABLE_TESTABILITY = YES;
				GCC_C_LANGUAGE_STANDARD = gnu11;
				GCC_DYNAMIC_NO_PIC = NO;
				GCC_NO_COMMON_BLOCKS = YES;
				GCC_OPTIMIZATION_LEVEL = 0;
				GCC_PREPROCESSOR_DEFINITIONS = (
					"DEBUG=1",
					"$(inherited)",
				);
				GCC_WARN_64_TO_32_BIT_CONVERSION = YES;
				GCC_WARN_ABOUT_RETURN_TYPE = YES_ERROR;
				GCC_WARN_UNDECLARED_SELECTOR = YES;
				GCC_WARN_UNINITIALIZED_AUTOS = YES_AGGRESSIVE;
				GCC_WARN_UNUSED_FUNCTION = YES;
				GCC_WARN_UNUSED_VARIABLE = YES;
				IPHONEOS_DEPLOYMENT_TARGET = 15.0;
				MTL_ENABLE_DEBUG_INFO = INCLUDE_SOURCE;
				MTL_FAST_MATH = YES;
				ONLY_ACTIVE_ARCH = YES;
				SDKROOT = iphoneos;
				SWIFT_ACTIVE_COMPILATION_CONDITIONS = DEBUG;
				SWIFT_OPTIMIZATION_LEVEL = "-Onone";
			};
			name = Debug;
		};
		A337929E2B853A2000CF7FE1 /* Release */ = {
			isa = XCBuildConfiguration;
			buildSettings = {
				ALWAYS_SEARCH_USER_PATHS = NO;
				CLANG_ANALYZER_NONNULL = YES;
				CLANG_ANALYZER_NUMBER_OBJECT_CONVERSION = YES_AGGRESSIVE;
				CLANG_CXX_LANGUAGE_STANDARD = "gnu++20";
				CLANG_ENABLE_MODULES = YES;
				CLANG_ENABLE_OBJC_ARC = YES;
				CLANG_ENABLE_OBJC_WEAK = YES;
				CLANG_WARN_BLOCK_CAPTURE_AUTORELEASING = YES;
				CLANG_WARN_BOOL_CONVERSION = YES;
				CLANG_WARN_COMMA = YES;
				CLANG_WARN_CONSTANT_CONVERSION = YES;
				CLANG_WARN_DEPRECATED_OBJC_IMPLEMENTATIONS = YES;
				CLANG_WARN_DIRECT_OBJC_ISA_USAGE = YES_ERROR;
				CLANG_WARN_DOCUMENTATION_COMMENTS = YES;
				CLANG_WARN_EMPTY_BODY = YES;
				CLANG_WARN_ENUM_CONVERSION = YES;
				CLANG_WARN_INFINITE_RECURSION = YES;
				CLANG_WARN_INT_CONVERSION = YES;
				CLANG_WARN_NON_LITERAL_NULL_CONVERSION = YES;
				CLANG_WARN_OBJC_IMPLICIT_RETAIN_SELF = YES;
				CLANG_WARN_OBJC_LITERAL_CONVERSION = YES;
				CLANG_WARN_OBJC_ROOT_CLASS = YES_ERROR;
				CLANG_WARN_QUOTED_INCLUDE_IN_FRAMEWORK_HEADER = YES;
				CLANG_WARN_RANGE_LOOP_ANALYSIS = YES;
				CLANG_WARN_STRICT_PROTOTYPES = YES;
				CLANG_WARN_SUSPICIOUS_MOVE = YES;
				CLANG_WARN_UNGUARDED_AVAILABILITY = YES_AGGRESSIVE;
				CLANG_WARN_UNREACHABLE_CODE = YES;
				CLANG_WARN__DUPLICATE_METHOD_MATCH = YES;
				COPY_PHASE_STRIP = NO;
				DEBUG_INFORMATION_FORMAT = "dwarf-with-dsym";
				ENABLE_NS_ASSERTIONS = NO;
				ENABLE_STRICT_OBJC_MSGSEND = YES;
				GCC_C_LANGUAGE_STANDARD = gnu11;
				GCC_NO_COMMON_BLOCKS = YES;
				GCC_WARN_64_TO_32_BIT_CONVERSION = YES;
				GCC_WARN_ABOUT_RETURN_TYPE = YES_ERROR;
				GCC_WARN_UNDECLARED_SELECTOR = YES;
				GCC_WARN_UNINITIALIZED_AUTOS = YES_AGGRESSIVE;
				GCC_WARN_UNUSED_FUNCTION = YES;
				GCC_WARN_UNUSED_VARIABLE = YES;
				IPHONEOS_DEPLOYMENT_TARGET = 15.0;
				MTL_ENABLE_DEBUG_INFO = NO;
				MTL_FAST_MATH = YES;
				SDKROOT = iphoneos;
				SWIFT_COMPILATION_MODE = wholemodule;
				SWIFT_OPTIMIZATION_LEVEL = "-O";
				VALIDATE_PRODUCT = YES;
			};
			name = Release;
		};
		A33792A02B853A2000CF7FE1 /* Debug */ = {
			isa = XCBuildConfiguration;
			buildSettings = {
				ASSETCATALOG_COMPILER_APPICON_NAME = AppIcon;
				ASSETCATALOG_COMPILER_GLOBAL_ACCENT_COLOR_NAME = AccentColor;
				CODE_SIGN_STYLE = Automatic;
				CURRENT_PROJECT_VERSION = 1;
				DEVELOPMENT_TEAM = 5G798LHLX6;
				GENERATE_INFOPLIST_FILE = YES;
				INFOPLIST_FILE = Keep/Info.plist;
				INFOPLIST_KEY_UIApplicationSupportsIndirectInputEvents = YES;
				INFOPLIST_KEY_UILaunchStoryboardName = LaunchScreen;
				INFOPLIST_KEY_UIMainStoryboardFile = "";
				INFOPLIST_KEY_UISupportedInterfaceOrientations_iPad = "UIInterfaceOrientationPortrait UIInterfaceOrientationPortraitUpsideDown UIInterfaceOrientationLandscapeLeft UIInterfaceOrientationLandscapeRight";
				INFOPLIST_KEY_UISupportedInterfaceOrientations_iPhone = "UIInterfaceOrientationPortrait UIInterfaceOrientationLandscapeLeft UIInterfaceOrientationLandscapeRight";
				IPHONEOS_DEPLOYMENT_TARGET = 15.0;
				LD_RUNPATH_SEARCH_PATHS = (
					"$(inherited)",
					"@executable_path/Frameworks",
				);
				MARKETING_VERSION = 1.0;
				PRODUCT_BUNDLE_IDENTIFIER = myunghoonso.Keep;
				PRODUCT_NAME = "$(TARGET_NAME)";
				SWIFT_EMIT_LOC_STRINGS = YES;
				SWIFT_VERSION = 5.0;
				TARGETED_DEVICE_FAMILY = "1,2";
			};
			name = Debug;
		};
		A33792A12B853A2000CF7FE1 /* Release */ = {
			isa = XCBuildConfiguration;
			buildSettings = {
				ASSETCATALOG_COMPILER_APPICON_NAME = AppIcon;
				ASSETCATALOG_COMPILER_GLOBAL_ACCENT_COLOR_NAME = AccentColor;
				CODE_SIGN_STYLE = Automatic;
				CURRENT_PROJECT_VERSION = 1;
				DEVELOPMENT_TEAM = 5G798LHLX6;
				GENERATE_INFOPLIST_FILE = YES;
				INFOPLIST_FILE = Keep/Info.plist;
				INFOPLIST_KEY_UIApplicationSupportsIndirectInputEvents = YES;
				INFOPLIST_KEY_UILaunchStoryboardName = LaunchScreen;
				INFOPLIST_KEY_UIMainStoryboardFile = "";
				INFOPLIST_KEY_UISupportedInterfaceOrientations_iPad = "UIInterfaceOrientationPortrait UIInterfaceOrientationPortraitUpsideDown UIInterfaceOrientationLandscapeLeft UIInterfaceOrientationLandscapeRight";
				INFOPLIST_KEY_UISupportedInterfaceOrientations_iPhone = "UIInterfaceOrientationPortrait UIInterfaceOrientationLandscapeLeft UIInterfaceOrientationLandscapeRight";
				IPHONEOS_DEPLOYMENT_TARGET = 15.0;
				LD_RUNPATH_SEARCH_PATHS = (
					"$(inherited)",
					"@executable_path/Frameworks",
				);
				MARKETING_VERSION = 1.0;
				PRODUCT_BUNDLE_IDENTIFIER = myunghoonso.Keep;
				PRODUCT_NAME = "$(TARGET_NAME)";
				SWIFT_EMIT_LOC_STRINGS = YES;
				SWIFT_VERSION = 5.0;
				TARGETED_DEVICE_FAMILY = "1,2";
			};
			name = Release;
		};
		A33792A32B853A2000CF7FE1 /* Debug */ = {
			isa = XCBuildConfiguration;
			buildSettings = {
				ALWAYS_EMBED_SWIFT_STANDARD_LIBRARIES = YES;
				BUNDLE_LOADER = "$(TEST_HOST)";
				CODE_SIGN_STYLE = Automatic;
				CURRENT_PROJECT_VERSION = 1;
				DEVELOPMENT_TEAM = 6F36WQVB42;
				GENERATE_INFOPLIST_FILE = YES;
				IPHONEOS_DEPLOYMENT_TARGET = 15.0;
				MARKETING_VERSION = 1.0;
				PRODUCT_BUNDLE_IDENTIFIER = myunghoonso.KeepTests;
				PRODUCT_NAME = "$(TARGET_NAME)";
				SWIFT_EMIT_LOC_STRINGS = NO;
				SWIFT_VERSION = 5.0;
				TARGETED_DEVICE_FAMILY = "1,2";
				TEST_HOST = "$(BUILT_PRODUCTS_DIR)/Keep.app/$(BUNDLE_EXECUTABLE_FOLDER_PATH)/Keep";
			};
			name = Debug;
		};
		A33792A42B853A2000CF7FE1 /* Release */ = {
			isa = XCBuildConfiguration;
			buildSettings = {
				ALWAYS_EMBED_SWIFT_STANDARD_LIBRARIES = YES;
				BUNDLE_LOADER = "$(TEST_HOST)";
				CODE_SIGN_STYLE = Automatic;
				CURRENT_PROJECT_VERSION = 1;
				DEVELOPMENT_TEAM = 6F36WQVB42;
				GENERATE_INFOPLIST_FILE = YES;
				IPHONEOS_DEPLOYMENT_TARGET = 15.0;
				MARKETING_VERSION = 1.0;
				PRODUCT_BUNDLE_IDENTIFIER = myunghoonso.KeepTests;
				PRODUCT_NAME = "$(TARGET_NAME)";
				SWIFT_EMIT_LOC_STRINGS = NO;
				SWIFT_VERSION = 5.0;
				TARGETED_DEVICE_FAMILY = "1,2";
				TEST_HOST = "$(BUILT_PRODUCTS_DIR)/Keep.app/$(BUNDLE_EXECUTABLE_FOLDER_PATH)/Keep";
			};
			name = Release;
		};
		A33792A62B853A2000CF7FE1 /* Debug */ = {
			isa = XCBuildConfiguration;
			buildSettings = {
				ALWAYS_EMBED_SWIFT_STANDARD_LIBRARIES = YES;
				CODE_SIGN_STYLE = Automatic;
				CURRENT_PROJECT_VERSION = 1;
				DEVELOPMENT_TEAM = 6F36WQVB42;
				GENERATE_INFOPLIST_FILE = YES;
				IPHONEOS_DEPLOYMENT_TARGET = 15.0;
				MARKETING_VERSION = 1.0;
				PRODUCT_BUNDLE_IDENTIFIER = myunghoonso.KeepUITests;
				PRODUCT_NAME = "$(TARGET_NAME)";
				SWIFT_EMIT_LOC_STRINGS = NO;
				SWIFT_VERSION = 5.0;
				TARGETED_DEVICE_FAMILY = "1,2";
				TEST_TARGET_NAME = Keep;
			};
			name = Debug;
		};
		A33792A72B853A2000CF7FE1 /* Release */ = {
			isa = XCBuildConfiguration;
			buildSettings = {
				ALWAYS_EMBED_SWIFT_STANDARD_LIBRARIES = YES;
				CODE_SIGN_STYLE = Automatic;
				CURRENT_PROJECT_VERSION = 1;
				DEVELOPMENT_TEAM = 6F36WQVB42;
				GENERATE_INFOPLIST_FILE = YES;
				IPHONEOS_DEPLOYMENT_TARGET = 15.0;
				MARKETING_VERSION = 1.0;
				PRODUCT_BUNDLE_IDENTIFIER = myunghoonso.KeepUITests;
				PRODUCT_NAME = "$(TARGET_NAME)";
				SWIFT_EMIT_LOC_STRINGS = NO;
				SWIFT_VERSION = 5.0;
				TARGETED_DEVICE_FAMILY = "1,2";
				TEST_TARGET_NAME = Keep;
			};
			name = Release;
		};
/* End XCBuildConfiguration section */

/* Begin XCConfigurationList section */
		A33792702B853A0900CF7FE1 /* Build configuration list for PBXProject "Keep" */ = {
			isa = XCConfigurationList;
			buildConfigurations = (
				A337929D2B853A2000CF7FE1 /* Debug */,
				A337929E2B853A2000CF7FE1 /* Release */,
			);
			defaultConfigurationIsVisible = 0;
			defaultConfigurationName = Release;
		};
		A337929F2B853A2000CF7FE1 /* Build configuration list for PBXNativeTarget "Keep" */ = {
			isa = XCConfigurationList;
			buildConfigurations = (
				A33792A02B853A2000CF7FE1 /* Debug */,
				A33792A12B853A2000CF7FE1 /* Release */,
			);
			defaultConfigurationIsVisible = 0;
			defaultConfigurationName = Release;
		};
		A33792A22B853A2000CF7FE1 /* Build configuration list for PBXNativeTarget "KeepTests" */ = {
			isa = XCConfigurationList;
			buildConfigurations = (
				A33792A32B853A2000CF7FE1 /* Debug */,
				A33792A42B853A2000CF7FE1 /* Release */,
			);
			defaultConfigurationIsVisible = 0;
			defaultConfigurationName = Release;
		};
		A33792A52B853A2000CF7FE1 /* Build configuration list for PBXNativeTarget "KeepUITests" */ = {
			isa = XCConfigurationList;
			buildConfigurations = (
				A33792A62B853A2000CF7FE1 /* Debug */,
				A33792A72B853A2000CF7FE1 /* Release */,
			);
			defaultConfigurationIsVisible = 0;
			defaultConfigurationName = Release;
		};
/* End XCConfigurationList section */
	};
	rootObject = A337926D2B853A0900CF7FE1 /* Project object */;
}
