// !$*UTF8*$!
{
	archiveVersion = 1;
	classes = {
	};
	objectVersion = 56;
	objects = {

/* Begin PBXBuildFile section */
		A33792792B853A0900CF7FE1 /* AppDelegate.swift in Sources */ = {isa = PBXBuildFile; fileRef = A33792782B853A0900CF7FE1 /* AppDelegate.swift */; };
		A337927B2B853A0900CF7FE1 /* SceneDelegate.swift in Sources */ = {isa = PBXBuildFile; fileRef = A337927A2B853A0900CF7FE1 /* SceneDelegate.swift */; };
		A33792822B853A1F00CF7FE1 /* Assets.xcassets in Resources */ = {isa = PBXBuildFile; fileRef = A33792812B853A1F00CF7FE1 /* Assets.xcassets */; };
		A33792852B853A1F00CF7FE1 /* LaunchScreen.storyboard in Resources */ = {isa = PBXBuildFile; fileRef = A33792832B853A1F00CF7FE1 /* LaunchScreen.storyboard */; };
		A33792902B853A2000CF7FE1 /* KeepTests.swift in Sources */ = {isa = PBXBuildFile; fileRef = A337928F2B853A2000CF7FE1 /* KeepTests.swift */; };
		A337929A2B853A2000CF7FE1 /* KeepUITests.swift in Sources */ = {isa = PBXBuildFile; fileRef = A33792992B853A2000CF7FE1 /* KeepUITests.swift */; };
		A337929C2B853A2000CF7FE1 /* KeepUITestsLaunchTests.swift in Sources */ = {isa = PBXBuildFile; fileRef = A337929B2B853A2000CF7FE1 /* KeepUITestsLaunchTests.swift */; };
		A368B0AC2B911FC600AEBC15 /* MainListViewModel.swift in Sources */ = {isa = PBXBuildFile; fileRef = A368B0AB2B911FC600AEBC15 /* MainListViewModel.swift */; };
		A368B0AE2B91238300AEBC15 /* AuthView.swift in Sources */ = {isa = PBXBuildFile; fileRef = A368B0AD2B91238300AEBC15 /* AuthView.swift */; };
		A368B0B12B91280000AEBC15 /* MainView.swift in Sources */ = {isa = PBXBuildFile; fileRef = A368B0B02B91280000AEBC15 /* MainView.swift */; };
		A368B0E92BA2608900AEBC15 /* AuthManager.swift in Sources */ = {isa = PBXBuildFile; fileRef = A368B0E82BA2608900AEBC15 /* AuthManager.swift */; };
		A368B0EB2BA260AF00AEBC15 /* AuthButton.swift in Sources */ = {isa = PBXBuildFile; fileRef = A368B0EA2BA260AF00AEBC15 /* AuthButton.swift */; };
		A368B0ED2BA26D8900AEBC15 /* ItemAddViewModel.swift in Sources */ = {isa = PBXBuildFile; fileRef = A368B0EC2BA26D8900AEBC15 /* ItemAddViewModel.swift */; };
		A368B0EF2BA3065500AEBC15 /* ItemInputItem.swift in Sources */ = {isa = PBXBuildFile; fileRef = A368B0EE2BA3065500AEBC15 /* ItemInputItem.swift */; };
		A368B0F12BABA41200AEBC15 /* Publishers+Extension.swift in Sources */ = {isa = PBXBuildFile; fileRef = A368B0F02BABA41200AEBC15 /* Publishers+Extension.swift */; };
		A368B0F32BABA44400AEBC15 /* UIResponder+Extension.swift in Sources */ = {isa = PBXBuildFile; fileRef = A368B0F22BABA44400AEBC15 /* UIResponder+Extension.swift */; };
		A368B0F52BAC3B0700AEBC15 /* DatePickerView.swift in Sources */ = {isa = PBXBuildFile; fileRef = A368B0F42BAC3B0700AEBC15 /* DatePickerView.swift */; };
		A387CBB02BADE8AC00E6231E /* ItemEditView.swift in Sources */ = {isa = PBXBuildFile; fileRef = A387CBAF2BADE8AC00E6231E /* ItemEditView.swift */; };
		A387CBB22BAE8A0500E6231E /* ManualPopBackModifier.swift in Sources */ = {isa = PBXBuildFile; fileRef = A387CBB12BAE8A0500E6231E /* ManualPopBackModifier.swift */; };
		A387CBB42BAE8AE800E6231E /* View+Extension.swift in Sources */ = {isa = PBXBuildFile; fileRef = A387CBB32BAE8AE800E6231E /* View+Extension.swift */; };
		A387CBB62BAE8E3E00E6231E /* MainListItem.swift in Sources */ = {isa = PBXBuildFile; fileRef = A387CBB52BAE8E3E00E6231E /* MainListItem.swift */; };
		A3CD40342B86967500CB3F25 /* TransparenNavigationView.swift in Sources */ = {isa = PBXBuildFile; fileRef = A3CD40332B86967500CB3F25 /* TransparenNavigationView.swift */; };
		A3CD40372B86A53D00CB3F25 /* ItemView.swift in Sources */ = {isa = PBXBuildFile; fileRef = A3CD40362B86A53D00CB3F25 /* ItemView.swift */; };
		A3CD403B2B86D06600CB3F25 /* SettingsView.swift in Sources */ = {isa = PBXBuildFile; fileRef = A3CD403A2B86D06600CB3F25 /* SettingsView.swift */; };
		A3CD403D2B87AD2300CB3F25 /* ItemInputView.swift in Sources */ = {isa = PBXBuildFile; fileRef = A3CD403C2B87AD2300CB3F25 /* ItemInputView.swift */; };
		A3CD403F2B87F5BC00CB3F25 /* ItemType.swift in Sources */ = {isa = PBXBuildFile; fileRef = A3CD403E2B87F5BC00CB3F25 /* ItemType.swift */; };
		A3CD40412B87F69700CB3F25 /* ItemInputType.swift in Sources */ = {isa = PBXBuildFile; fileRef = A3CD40402B87F69700CB3F25 /* ItemInputType.swift */; };
		A3CD40442B890CF100CB3F25 /* BounceBehavior.swift in Sources */ = {isa = PBXBuildFile; fileRef = A3CD40432B890CF100CB3F25 /* BounceBehavior.swift */; };
		A3CD40462B890D3200CB3F25 /* ScrollView+Extension.swift in Sources */ = {isa = PBXBuildFile; fileRef = A3CD40452B890D3200CB3F25 /* ScrollView+Extension.swift */; };
		A3CD40482B890D7100CB3F25 /* UIApplication+Extension.swift in Sources */ = {isa = PBXBuildFile; fileRef = A3CD40472B890D7100CB3F25 /* UIApplication+Extension.swift */; };
		A3CD404A2B890D9900CB3F25 /* ItemDisplayType.swift in Sources */ = {isa = PBXBuildFile; fileRef = A3CD40492B890D9900CB3F25 /* ItemDisplayType.swift */; };
		A3CD40512B89168200CB3F25 /* .gitignore in Resources */ = {isa = PBXBuildFile; fileRef = A3CD40502B89168200CB3F25 /* .gitignore */; };
		A3DA1D0D2B85518C00B821DA /* MainListView.swift in Sources */ = {isa = PBXBuildFile; fileRef = A3DA1D0C2B85518C00B821DA /* MainListView.swift */; };
		A3DA1D0F2B855ED400B821DA /* NavigationTitleView.swift in Sources */ = {isa = PBXBuildFile; fileRef = A3DA1D0E2B855ED400B821DA /* NavigationTitleView.swift */; };
		A3DA1D112B855F8F00B821DA /* MainRowView.swift in Sources */ = {isa = PBXBuildFile; fileRef = A3DA1D102B855F8F00B821DA /* MainRowView.swift */; };
		A3DA1D142B8561DF00B821DA /* Color+Extension.swift in Sources */ = {isa = PBXBuildFile; fileRef = A3DA1D132B8561DF00B821DA /* Color+Extension.swift */; };
		A3DA1D162B8562FE00B821DA /* UIColor+Extension.swift in Sources */ = {isa = PBXBuildFile; fileRef = A3DA1D152B8562FE00B821DA /* UIColor+Extension.swift */; };
/* End PBXBuildFile section */

/* Begin PBXContainerItemProxy section */
		A337928C2B853A2000CF7FE1 /* PBXContainerItemProxy */ = {
			isa = PBXContainerItemProxy;
			containerPortal = A337926D2B853A0900CF7FE1 /* Project object */;
			proxyType = 1;
			remoteGlobalIDString = A33792742B853A0900CF7FE1;
			remoteInfo = Keep;
		};
		A33792962B853A2000CF7FE1 /* PBXContainerItemProxy */ = {
			isa = PBXContainerItemProxy;
			containerPortal = A337926D2B853A0900CF7FE1 /* Project object */;
			proxyType = 1;
			remoteGlobalIDString = A33792742B853A0900CF7FE1;
			remoteInfo = Keep;
		};
/* End PBXContainerItemProxy section */

/* Begin PBXFileReference section */
		A33792752B853A0900CF7FE1 /* Keep.app */ = {isa = PBXFileReference; explicitFileType = wrapper.application; includeInIndex = 0; path = Keep.app; sourceTree = BUILT_PRODUCTS_DIR; };
		A33792782B853A0900CF7FE1 /* AppDelegate.swift */ = {isa = PBXFileReference; lastKnownFileType = sourcecode.swift; path = AppDelegate.swift; sourceTree = "<group>"; };
		A337927A2B853A0900CF7FE1 /* SceneDelegate.swift */ = {isa = PBXFileReference; lastKnownFileType = sourcecode.swift; path = SceneDelegate.swift; sourceTree = "<group>"; };
		A33792812B853A1F00CF7FE1 /* Assets.xcassets */ = {isa = PBXFileReference; lastKnownFileType = folder.assetcatalog; path = Assets.xcassets; sourceTree = "<group>"; };
		A33792842B853A1F00CF7FE1 /* Base */ = {isa = PBXFileReference; lastKnownFileType = file.storyboard; name = Base; path = Base.lproj/LaunchScreen.storyboard; sourceTree = "<group>"; };
		A33792862B853A1F00CF7FE1 /* Info.plist */ = {isa = PBXFileReference; lastKnownFileType = text.plist.xml; path = Info.plist; sourceTree = "<group>"; };
		A337928B2B853A2000CF7FE1 /* KeepTests.xctest */ = {isa = PBXFileReference; explicitFileType = wrapper.cfbundle; includeInIndex = 0; path = KeepTests.xctest; sourceTree = BUILT_PRODUCTS_DIR; };
		A337928F2B853A2000CF7FE1 /* KeepTests.swift */ = {isa = PBXFileReference; lastKnownFileType = sourcecode.swift; path = KeepTests.swift; sourceTree = "<group>"; };
		A33792952B853A2000CF7FE1 /* KeepUITests.xctest */ = {isa = PBXFileReference; explicitFileType = wrapper.cfbundle; includeInIndex = 0; path = KeepUITests.xctest; sourceTree = BUILT_PRODUCTS_DIR; };
		A33792992B853A2000CF7FE1 /* KeepUITests.swift */ = {isa = PBXFileReference; lastKnownFileType = sourcecode.swift; path = KeepUITests.swift; sourceTree = "<group>"; };
		A337929B2B853A2000CF7FE1 /* KeepUITestsLaunchTests.swift */ = {isa = PBXFileReference; lastKnownFileType = sourcecode.swift; path = KeepUITestsLaunchTests.swift; sourceTree = "<group>"; };
		A368B0AB2B911FC600AEBC15 /* MainListViewModel.swift */ = {isa = PBXFileReference; lastKnownFileType = sourcecode.swift; path = MainListViewModel.swift; sourceTree = "<group>"; };
		A368B0AD2B91238300AEBC15 /* AuthView.swift */ = {isa = PBXFileReference; lastKnownFileType = sourcecode.swift; path = AuthView.swift; sourceTree = "<group>"; };
		A368B0B02B91280000AEBC15 /* MainView.swift */ = {isa = PBXFileReference; lastKnownFileType = sourcecode.swift; path = MainView.swift; sourceTree = "<group>"; };
		A368B0E82BA2608900AEBC15 /* AuthManager.swift */ = {isa = PBXFileReference; lastKnownFileType = sourcecode.swift; path = AuthManager.swift; sourceTree = "<group>"; };
		A368B0EA2BA260AF00AEBC15 /* AuthButton.swift */ = {isa = PBXFileReference; lastKnownFileType = sourcecode.swift; path = AuthButton.swift; sourceTree = "<group>"; };
		A368B0EC2BA26D8900AEBC15 /* ItemAddViewModel.swift */ = {isa = PBXFileReference; lastKnownFileType = sourcecode.swift; path = ItemAddViewModel.swift; sourceTree = "<group>"; };
		A368B0EE2BA3065500AEBC15 /* ItemInputItem.swift */ = {isa = PBXFileReference; lastKnownFileType = sourcecode.swift; path = ItemInputItem.swift; sourceTree = "<group>"; };
		A368B0F02BABA41200AEBC15 /* Publishers+Extension.swift */ = {isa = PBXFileReference; lastKnownFileType = sourcecode.swift; path = "Publishers+Extension.swift"; sourceTree = "<group>"; };
		A368B0F22BABA44400AEBC15 /* UIResponder+Extension.swift */ = {isa = PBXFileReference; lastKnownFileType = sourcecode.swift; path = "UIResponder+Extension.swift"; sourceTree = "<group>"; };
		A368B0F42BAC3B0700AEBC15 /* DatePickerView.swift */ = {isa = PBXFileReference; lastKnownFileType = sourcecode.swift; path = DatePickerView.swift; sourceTree = "<group>"; };
		A387CBAF2BADE8AC00E6231E /* ItemEditView.swift */ = {isa = PBXFileReference; lastKnownFileType = sourcecode.swift; path = ItemEditView.swift; sourceTree = "<group>"; };
		A387CBB12BAE8A0500E6231E /* ManualPopBackModifier.swift */ = {isa = PBXFileReference; lastKnownFileType = sourcecode.swift; path = ManualPopBackModifier.swift; sourceTree = "<group>"; };
		A387CBB32BAE8AE800E6231E /* View+Extension.swift */ = {isa = PBXFileReference; lastKnownFileType = sourcecode.swift; path = "View+Extension.swift"; sourceTree = "<group>"; };
		A387CBB52BAE8E3E00E6231E /* MainListItem.swift */ = {isa = PBXFileReference; lastKnownFileType = sourcecode.swift; path = MainListItem.swift; sourceTree = "<group>"; };
		A3CD40332B86967500CB3F25 /* TransparenNavigationView.swift */ = {isa = PBXFileReference; lastKnownFileType = sourcecode.swift; path = TransparenNavigationView.swift; sourceTree = "<group>"; };
		A3CD40362B86A53D00CB3F25 /* ItemView.swift */ = {isa = PBXFileReference; lastKnownFileType = sourcecode.swift; path = ItemView.swift; sourceTree = "<group>"; };
		A3CD403A2B86D06600CB3F25 /* SettingsView.swift */ = {isa = PBXFileReference; lastKnownFileType = sourcecode.swift; path = SettingsView.swift; sourceTree = "<group>"; };
		A3CD403C2B87AD2300CB3F25 /* ItemInputView.swift */ = {isa = PBXFileReference; lastKnownFileType = sourcecode.swift; path = ItemInputView.swift; sourceTree = "<group>"; };
		A3CD403E2B87F5BC00CB3F25 /* ItemType.swift */ = {isa = PBXFileReference; lastKnownFileType = sourcecode.swift; path = ItemType.swift; sourceTree = "<group>"; };
		A3CD40402B87F69700CB3F25 /* ItemInputType.swift */ = {isa = PBXFileReference; lastKnownFileType = sourcecode.swift; path = ItemInputType.swift; sourceTree = "<group>"; };
		A3CD40432B890CF100CB3F25 /* BounceBehavior.swift */ = {isa = PBXFileReference; lastKnownFileType = sourcecode.swift; path = BounceBehavior.swift; sourceTree = "<group>"; };
		A3CD40452B890D3200CB3F25 /* ScrollView+Extension.swift */ = {isa = PBXFileReference; lastKnownFileType = sourcecode.swift; path = "ScrollView+Extension.swift"; sourceTree = "<group>"; };
		A3CD40472B890D7100CB3F25 /* UIApplication+Extension.swift */ = {isa = PBXFileReference; lastKnownFileType = sourcecode.swift; path = "UIApplication+Extension.swift"; sourceTree = "<group>"; };
		A3CD40492B890D9900CB3F25 /* ItemDisplayType.swift */ = {isa = PBXFileReference; lastKnownFileType = sourcecode.swift; path = ItemDisplayType.swift; sourceTree = "<group>"; };
		A3CD40502B89168200CB3F25 /* .gitignore */ = {isa = PBXFileReference; fileEncoding = 4; lastKnownFileType = text; path = .gitignore; sourceTree = "<group>"; };
		A3DA1D0C2B85518C00B821DA /* MainListView.swift */ = {isa = PBXFileReference; lastKnownFileType = sourcecode.swift; path = MainListView.swift; sourceTree = "<group>"; };
		A3DA1D0E2B855ED400B821DA /* NavigationTitleView.swift */ = {isa = PBXFileReference; lastKnownFileType = sourcecode.swift; path = NavigationTitleView.swift; sourceTree = "<group>"; };
		A3DA1D102B855F8F00B821DA /* MainRowView.swift */ = {isa = PBXFileReference; lastKnownFileType = sourcecode.swift; path = MainRowView.swift; sourceTree = "<group>"; };
		A3DA1D132B8561DF00B821DA /* Color+Extension.swift */ = {isa = PBXFileReference; lastKnownFileType = sourcecode.swift; path = "Color+Extension.swift"; sourceTree = "<group>"; };
		A3DA1D152B8562FE00B821DA /* UIColor+Extension.swift */ = {isa = PBXFileReference; lastKnownFileType = sourcecode.swift; path = "UIColor+Extension.swift"; sourceTree = "<group>"; };
/* End PBXFileReference section */

/* Begin PBXFrameworksBuildPhase section */
		A33792722B853A0900CF7FE1 /* Frameworks */ = {
			isa = PBXFrameworksBuildPhase;
			buildActionMask = 2147483647;
			files = (
			);
			runOnlyForDeploymentPostprocessing = 0;
		};
		A33792882B853A2000CF7FE1 /* Frameworks */ = {
			isa = PBXFrameworksBuildPhase;
			buildActionMask = 2147483647;
			files = (
			);
			runOnlyForDeploymentPostprocessing = 0;
		};
		A33792922B853A2000CF7FE1 /* Frameworks */ = {
			isa = PBXFrameworksBuildPhase;
			buildActionMask = 2147483647;
			files = (
			);
			runOnlyForDeploymentPostprocessing = 0;
		};
/* End PBXFrameworksBuildPhase section */

/* Begin PBXGroup section */
		A337926C2B853A0900CF7FE1 = {
			isa = PBXGroup;
			children = (
				A3CD40502B89168200CB3F25 /* .gitignore */,
				A33792772B853A0900CF7FE1 /* Keep */,
				A337928E2B853A2000CF7FE1 /* KeepTests */,
				A33792982B853A2000CF7FE1 /* KeepUITests */,
				A33792762B853A0900CF7FE1 /* Products */,
			);
			sourceTree = "<group>";
		};
		A33792762B853A0900CF7FE1 /* Products */ = {
			isa = PBXGroup;
			children = (
				A33792752B853A0900CF7FE1 /* Keep.app */,
				A337928B2B853A2000CF7FE1 /* KeepTests.xctest */,
				A33792952B853A2000CF7FE1 /* KeepUITests.xctest */,
			);
			name = Products;
			sourceTree = "<group>";
		};
		A33792772B853A0900CF7FE1 /* Keep */ = {
			isa = PBXGroup;
			children = (
				A3DA1D062B85470B00B821DA /* Common */,
				A3DA1D072B85471300B821DA /* Features */,
				A33792862B853A1F00CF7FE1 /* Info.plist */,
			);
			path = Keep;
			sourceTree = "<group>";
		};
		A337928E2B853A2000CF7FE1 /* KeepTests */ = {
			isa = PBXGroup;
			children = (
				A337928F2B853A2000CF7FE1 /* KeepTests.swift */,
			);
			path = KeepTests;
			sourceTree = "<group>";
		};
		A33792982B853A2000CF7FE1 /* KeepUITests */ = {
			isa = PBXGroup;
			children = (
				A33792992B853A2000CF7FE1 /* KeepUITests.swift */,
				A337929B2B853A2000CF7FE1 /* KeepUITestsLaunchTests.swift */,
			);
			path = KeepUITests;
			sourceTree = "<group>";
		};
		A368B0AF2B9127DC00AEBC15 /* Main */ = {
			isa = PBXGroup;
			children = (
				A368B0B02B91280000AEBC15 /* MainView.swift */,
			);
			path = Main;
			sourceTree = "<group>";
		};
		A387CBA82BACD1CC00E6231E /* Types */ = {
			isa = PBXGroup;
			children = (
				A3CD403E2B87F5BC00CB3F25 /* ItemType.swift */,
				A3CD40402B87F69700CB3F25 /* ItemInputType.swift */,
				A3CD40492B890D9900CB3F25 /* ItemDisplayType.swift */,
			);
			path = Types;
			sourceTree = "<group>";
		};
		A387CBA92BACD37000E6231E /* ItemInput */ = {
			isa = PBXGroup;
			children = (
				A3CD403C2B87AD2300CB3F25 /* ItemInputView.swift */,
				A368B0EE2BA3065500AEBC15 /* ItemInputItem.swift */,
			);
			path = ItemInput;
			sourceTree = "<group>";
		};
		A387CBAC2BADE86000E6231E /* ItemEdit */ = {
			isa = PBXGroup;
			children = (
				A387CBAF2BADE8AC00E6231E /* ItemEditView.swift */,
			);
			path = ItemEdit;
			sourceTree = "<group>";
		};
		A387CBAD2BADE87200E6231E /* ViewModel */ = {
			isa = PBXGroup;
			children = (
				A368B0EC2BA26D8900AEBC15 /* ItemAddViewModel.swift */,
			);
			path = ViewModel;
			sourceTree = "<group>";
		};
		A387CBAE2BADE88E00E6231E /* ItemMain */ = {
			isa = PBXGroup;
			children = (
				A3CD40362B86A53D00CB3F25 /* ItemView.swift */,
			);
			path = ItemMain;
			sourceTree = "<group>";
		};
		A3CD40322B86966100CB3F25 /* UI */ = {
			isa = PBXGroup;
			children = (
				A3CD40332B86967500CB3F25 /* TransparenNavigationView.swift */,
				A3DA1D0E2B855ED400B821DA /* NavigationTitleView.swift */,
				A368B0F42BAC3B0700AEBC15 /* DatePickerView.swift */,
			);
			path = UI;
			sourceTree = "<group>";
		};
		A3CD40352B86A52900CB3F25 /* Item */ = {
			isa = PBXGroup;
			children = (
				A387CBAE2BADE88E00E6231E /* ItemMain */,
				A387CBAD2BADE87200E6231E /* ViewModel */,
				A387CBAC2BADE86000E6231E /* ItemEdit */,
				A387CBA92BACD37000E6231E /* ItemInput */,
				A387CBA82BACD1CC00E6231E /* Types */,
			);
			path = Item;
			sourceTree = "<group>";
		};
		A3CD40422B890CDD00CB3F25 /* Models */ = {
			isa = PBXGroup;
			children = (
				A3CD40432B890CF100CB3F25 /* BounceBehavior.swift */,
			);
			path = Models;
			sourceTree = "<group>";
		};
		A3CD404B2B8910FA00CB3F25 /* Modifiers */ = {
			isa = PBXGroup;
			children = (
				A387CBB12BAE8A0500E6231E /* ManualPopBackModifier.swift */,
			);
			path = Modifiers;
			sourceTree = "<group>";
		};
		A3DA1D062B85470B00B821DA /* Common */ = {
			isa = PBXGroup;
			children = (
				A3CD404B2B8910FA00CB3F25 /* Modifiers */,
				A3CD40422B890CDD00CB3F25 /* Models */,
				A3CD40322B86966100CB3F25 /* UI */,
				A3DA1D122B8561C400B821DA /* Extensions */,
				A33792782B853A0900CF7FE1 /* AppDelegate.swift */,
				A337927A2B853A0900CF7FE1 /* SceneDelegate.swift */,
				A33792812B853A1F00CF7FE1 /* Assets.xcassets */,
				A33792832B853A1F00CF7FE1 /* LaunchScreen.storyboard */,
			);
			path = Common;
			sourceTree = "<group>";
		};
		A3DA1D072B85471300B821DA /* Features */ = {
			isa = PBXGroup;
			children = (
				A368B0AF2B9127DC00AEBC15 /* Main */,
				A3DA1D082B85475200B821DA /* MainList */,
				A3CD40352B86A52900CB3F25 /* Item */,
				A3DA1D0B2B854F1500B821DA /* Authentication */,
				A3DA1D0A2B854F0F00B821DA /* Settings */,
			);
			path = Features;
			sourceTree = "<group>";
		};
		A3DA1D082B85475200B821DA /* MainList */ = {
			isa = PBXGroup;
			children = (
				A3DA1D0C2B85518C00B821DA /* MainListView.swift */,
				A3DA1D102B855F8F00B821DA /* MainRowView.swift */,
				A368B0AB2B911FC600AEBC15 /* MainListViewModel.swift */,
				A387CBB52BAE8E3E00E6231E /* MainListItem.swift */,
			);
			path = MainList;
			sourceTree = "<group>";
		};
		A3DA1D0A2B854F0F00B821DA /* Settings */ = {
			isa = PBXGroup;
			children = (
				A3CD403A2B86D06600CB3F25 /* SettingsView.swift */,
			);
			path = Settings;
			sourceTree = "<group>";
		};
		A3DA1D0B2B854F1500B821DA /* Authentication */ = {
			isa = PBXGroup;
			children = (
				A368B0AD2B91238300AEBC15 /* AuthView.swift */,
				A368B0E82BA2608900AEBC15 /* AuthManager.swift */,
				A368B0EA2BA260AF00AEBC15 /* AuthButton.swift */,
			);
			path = Authentication;
			sourceTree = "<group>";
		};
		A3DA1D122B8561C400B821DA /* Extensions */ = {
			isa = PBXGroup;
			children = (
				A3CD40452B890D3200CB3F25 /* ScrollView+Extension.swift */,
				A3DA1D132B8561DF00B821DA /* Color+Extension.swift */,
				A3DA1D152B8562FE00B821DA /* UIColor+Extension.swift */,
				A3CD40472B890D7100CB3F25 /* UIApplication+Extension.swift */,
				A368B0F02BABA41200AEBC15 /* Publishers+Extension.swift */,
				A368B0F22BABA44400AEBC15 /* UIResponder+Extension.swift */,
				A387CBB32BAE8AE800E6231E /* View+Extension.swift */,
			);
			path = Extensions;
			sourceTree = "<group>";
		};
/* End PBXGroup section */

/* Begin PBXNativeTarget section */
		A33792742B853A0900CF7FE1 /* Keep */ = {
			isa = PBXNativeTarget;
			buildConfigurationList = A337929F2B853A2000CF7FE1 /* Build configuration list for PBXNativeTarget "Keep" */;
			buildPhases = (
				A33792712B853A0900CF7FE1 /* Sources */,
				A33792722B853A0900CF7FE1 /* Frameworks */,
				A33792732B853A0900CF7FE1 /* Resources */,
			);
			buildRules = (
			);
			dependencies = (
			);
			name = Keep;
			productName = Keep;
			productReference = A33792752B853A0900CF7FE1 /* Keep.app */;
			productType = "com.apple.product-type.application";
		};
		A337928A2B853A2000CF7FE1 /* KeepTests */ = {
			isa = PBXNativeTarget;
			buildConfigurationList = A33792A22B853A2000CF7FE1 /* Build configuration list for PBXNativeTarget "KeepTests" */;
			buildPhases = (
				A33792872B853A2000CF7FE1 /* Sources */,
				A33792882B853A2000CF7FE1 /* Frameworks */,
				A33792892B853A2000CF7FE1 /* Resources */,
			);
			buildRules = (
			);
			dependencies = (
				A337928D2B853A2000CF7FE1 /* PBXTargetDependency */,
			);
			name = KeepTests;
			productName = KeepTests;
			productReference = A337928B2B853A2000CF7FE1 /* KeepTests.xctest */;
			productType = "com.apple.product-type.bundle.unit-test";
		};
		A33792942B853A2000CF7FE1 /* KeepUITests */ = {
			isa = PBXNativeTarget;
			buildConfigurationList = A33792A52B853A2000CF7FE1 /* Build configuration list for PBXNativeTarget "KeepUITests" */;
			buildPhases = (
				A33792912B853A2000CF7FE1 /* Sources */,
				A33792922B853A2000CF7FE1 /* Frameworks */,
				A33792932B853A2000CF7FE1 /* Resources */,
			);
			buildRules = (
			);
			dependencies = (
				A33792972B853A2000CF7FE1 /* PBXTargetDependency */,
			);
			name = KeepUITests;
			productName = KeepUITests;
			productReference = A33792952B853A2000CF7FE1 /* KeepUITests.xctest */;
			productType = "com.apple.product-type.bundle.ui-testing";
		};
/* End PBXNativeTarget section */

/* Begin PBXProject section */
		A337926D2B853A0900CF7FE1 /* Project object */ = {
			isa = PBXProject;
			attributes = {
				BuildIndependentTargetsInParallel = 1;
				LastSwiftUpdateCheck = 1430;
				LastUpgradeCheck = 1430;
				TargetAttributes = {
					A33792742B853A0900CF7FE1 = {
						CreatedOnToolsVersion = 14.3;
					};
					A337928A2B853A2000CF7FE1 = {
						CreatedOnToolsVersion = 14.3;
						TestTargetID = A33792742B853A0900CF7FE1;
					};
					A33792942B853A2000CF7FE1 = {
						CreatedOnToolsVersion = 14.3;
						TestTargetID = A33792742B853A0900CF7FE1;
					};
				};
			};
			buildConfigurationList = A33792702B853A0900CF7FE1 /* Build configuration list for PBXProject "Keep" */;
			compatibilityVersion = "Xcode 14.0";
			developmentRegion = en;
			hasScannedForEncodings = 0;
			knownRegions = (
				en,
				Base,
			);
			mainGroup = A337926C2B853A0900CF7FE1;
			productRefGroup = A33792762B853A0900CF7FE1 /* Products */;
			projectDirPath = "";
			projectRoot = "";
			targets = (
				A33792742B853A0900CF7FE1 /* Keep */,
				A337928A2B853A2000CF7FE1 /* KeepTests */,
				A33792942B853A2000CF7FE1 /* KeepUITests */,
			);
		};
/* End PBXProject section */

/* Begin PBXResourcesBuildPhase section */
		A33792732B853A0900CF7FE1 /* Resources */ = {
			isa = PBXResourcesBuildPhase;
			buildActionMask = 2147483647;
			files = (
				A33792852B853A1F00CF7FE1 /* LaunchScreen.storyboard in Resources */,
				A3CD40512B89168200CB3F25 /* .gitignore in Resources */,
				A33792822B853A1F00CF7FE1 /* Assets.xcassets in Resources */,
			);
			runOnlyForDeploymentPostprocessing = 0;
		};
		A33792892B853A2000CF7FE1 /* Resources */ = {
			isa = PBXResourcesBuildPhase;
			buildActionMask = 2147483647;
			files = (
			);
			runOnlyForDeploymentPostprocessing = 0;
		};
		A33792932B853A2000CF7FE1 /* Resources */ = {
			isa = PBXResourcesBuildPhase;
			buildActionMask = 2147483647;
			files = (
			);
			runOnlyForDeploymentPostprocessing = 0;
		};
/* End PBXResourcesBuildPhase section */

/* Begin PBXSourcesBuildPhase section */
		A33792712B853A0900CF7FE1 /* Sources */ = {
			isa = PBXSourcesBuildPhase;
			buildActionMask = 2147483647;
			files = (
				A3CD40482B890D7100CB3F25 /* UIApplication+Extension.swift in Sources */,
				A368B0EB2BA260AF00AEBC15 /* AuthButton.swift in Sources */,
				A368B0E92BA2608900AEBC15 /* AuthManager.swift in Sources */,
				A3DA1D162B8562FE00B821DA /* UIColor+Extension.swift in Sources */,
				A3CD40442B890CF100CB3F25 /* BounceBehavior.swift in Sources */,
				A3CD40372B86A53D00CB3F25 /* ItemView.swift in Sources */,
				A3CD403F2B87F5BC00CB3F25 /* ItemType.swift in Sources */,
				A368B0EF2BA3065500AEBC15 /* ItemInputItem.swift in Sources */,
				A368B0ED2BA26D8900AEBC15 /* ItemAddViewModel.swift in Sources */,
				A3CD40412B87F69700CB3F25 /* ItemInputType.swift in Sources */,
				A368B0B12B91280000AEBC15 /* MainView.swift in Sources */,
				A368B0F12BABA41200AEBC15 /* Publishers+Extension.swift in Sources */,
				A368B0F52BAC3B0700AEBC15 /* DatePickerView.swift in Sources */,
				A3DA1D0D2B85518C00B821DA /* MainListView.swift in Sources */,
				A3CD40342B86967500CB3F25 /* TransparenNavigationView.swift in Sources */,
				A387CBB22BAE8A0500E6231E /* ManualPopBackModifier.swift in Sources */,
				A387CBB42BAE8AE800E6231E /* View+Extension.swift in Sources */,
				A387CBB02BADE8AC00E6231E /* ItemEditView.swift in Sources */,
				A3DA1D142B8561DF00B821DA /* Color+Extension.swift in Sources */,
				A3DA1D112B855F8F00B821DA /* MainRowView.swift in Sources */,
				A3CD403D2B87AD2300CB3F25 /* ItemInputView.swift in Sources */,
				A3DA1D0F2B855ED400B821DA /* NavigationTitleView.swift in Sources */,
				A368B0AE2B91238300AEBC15 /* AuthView.swift in Sources */,
				A3CD404A2B890D9900CB3F25 /* ItemDisplayType.swift in Sources */,
				A368B0F32BABA44400AEBC15 /* UIResponder+Extension.swift in Sources */,
				A33792792B853A0900CF7FE1 /* AppDelegate.swift in Sources */,
				A337927B2B853A0900CF7FE1 /* SceneDelegate.swift in Sources */,
				A3CD40462B890D3200CB3F25 /* ScrollView+Extension.swift in Sources */,
				A387CBB62BAE8E3E00E6231E /* MainListItem.swift in Sources */,
				A3CD403B2B86D06600CB3F25 /* SettingsView.swift in Sources */,
				A368B0AC2B911FC600AEBC15 /* MainListViewModel.swift in Sources */,
			);
			runOnlyForDeploymentPostprocessing = 0;
		};
		A33792872B853A2000CF7FE1 /* Sources */ = {
			isa = PBXSourcesBuildPhase;
			buildActionMask = 2147483647;
			files = (
				A33792902B853A2000CF7FE1 /* KeepTests.swift in Sources */,
			);
			runOnlyForDeploymentPostprocessing = 0;
		};
		A33792912B853A2000CF7FE1 /* Sources */ = {
			isa = PBXSourcesBuildPhase;
			buildActionMask = 2147483647;
			files = (
				A337929A2B853A2000CF7FE1 /* KeepUITests.swift in Sources */,
				A337929C2B853A2000CF7FE1 /* KeepUITestsLaunchTests.swift in Sources */,
			);
			runOnlyForDeploymentPostprocessing = 0;
		};
/* End PBXSourcesBuildPhase section */

/* Begin PBXTargetDependency section */
		A337928D2B853A2000CF7FE1 /* PBXTargetDependency */ = {
			isa = PBXTargetDependency;
			target = A33792742B853A0900CF7FE1 /* Keep */;
			targetProxy = A337928C2B853A2000CF7FE1 /* PBXContainerItemProxy */;
		};
		A33792972B853A2000CF7FE1 /* PBXTargetDependency */ = {
			isa = PBXTargetDependency;
			target = A33792742B853A0900CF7FE1 /* Keep */;
			targetProxy = A33792962B853A2000CF7FE1 /* PBXContainerItemProxy */;
		};
/* End PBXTargetDependency section */

/* Begin PBXVariantGroup section */
		A33792832B853A1F00CF7FE1 /* LaunchScreen.storyboard */ = {
			isa = PBXVariantGroup;
			children = (
				A33792842B853A1F00CF7FE1 /* Base */,
			);
			name = LaunchScreen.storyboard;
			sourceTree = "<group>";
		};
/* End PBXVariantGroup section */

/* Begin XCBuildConfiguration section */
		A337929D2B853A2000CF7FE1 /* Debug */ = {
			isa = XCBuildConfiguration;
			buildSettings = {
				ALWAYS_SEARCH_USER_PATHS = NO;
				CLANG_ANALYZER_NONNULL = YES;
				CLANG_ANALYZER_NUMBER_OBJECT_CONVERSION = YES_AGGRESSIVE;
				CLANG_CXX_LANGUAGE_STANDARD = "gnu++20";
				CLANG_ENABLE_MODULES = YES;
				CLANG_ENABLE_OBJC_ARC = YES;
				CLANG_ENABLE_OBJC_WEAK = YES;
				CLANG_WARN_BLOCK_CAPTURE_AUTORELEASING = YES;
				CLANG_WARN_BOOL_CONVERSION = YES;
				CLANG_WARN_COMMA = YES;
				CLANG_WARN_CONSTANT_CONVERSION = YES;
				CLANG_WARN_DEPRECATED_OBJC_IMPLEMENTATIONS = YES;
				CLANG_WARN_DIRECT_OBJC_ISA_USAGE = YES_ERROR;
				CLANG_WARN_DOCUMENTATION_COMMENTS = YES;
				CLANG_WARN_EMPTY_BODY = YES;
				CLANG_WARN_ENUM_CONVERSION = YES;
				CLANG_WARN_INFINITE_RECURSION = YES;
				CLANG_WARN_INT_CONVERSION = YES;
				CLANG_WARN_NON_LITERAL_NULL_CONVERSION = YES;
				CLANG_WARN_OBJC_IMPLICIT_RETAIN_SELF = YES;
				CLANG_WARN_OBJC_LITERAL_CONVERSION = YES;
				CLANG_WARN_OBJC_ROOT_CLASS = YES_ERROR;
				CLANG_WARN_QUOTED_INCLUDE_IN_FRAMEWORK_HEADER = YES;
				CLANG_WARN_RANGE_LOOP_ANALYSIS = YES;
				CLANG_WARN_STRICT_PROTOTYPES = YES;
				CLANG_WARN_SUSPICIOUS_MOVE = YES;
				CLANG_WARN_UNGUARDED_AVAILABILITY = YES_AGGRESSIVE;
				CLANG_WARN_UNREACHABLE_CODE = YES;
				CLANG_WARN__DUPLICATE_METHOD_MATCH = YES;
				COPY_PHASE_STRIP = NO;
				DEBUG_INFORMATION_FORMAT = dwarf;
				ENABLE_STRICT_OBJC_MSGSEND = YES;
				ENABLE_TESTABILITY = YES;
				GCC_C_LANGUAGE_STANDARD = gnu11;
				GCC_DYNAMIC_NO_PIC = NO;
				GCC_NO_COMMON_BLOCKS = YES;
				GCC_OPTIMIZATION_LEVEL = 0;
				GCC_PREPROCESSOR_DEFINITIONS = (
					"DEBUG=1",
					"$(inherited)",
				);
				GCC_WARN_64_TO_32_BIT_CONVERSION = YES;
				GCC_WARN_ABOUT_RETURN_TYPE = YES_ERROR;
				GCC_WARN_UNDECLARED_SELECTOR = YES;
				GCC_WARN_UNINITIALIZED_AUTOS = YES_AGGRESSIVE;
				GCC_WARN_UNUSED_FUNCTION = YES;
				GCC_WARN_UNUSED_VARIABLE = YES;
				IPHONEOS_DEPLOYMENT_TARGET = 15.0;
				MTL_ENABLE_DEBUG_INFO = INCLUDE_SOURCE;
				MTL_FAST_MATH = YES;
				ONLY_ACTIVE_ARCH = YES;
				SDKROOT = iphoneos;
				SWIFT_ACTIVE_COMPILATION_CONDITIONS = DEBUG;
				SWIFT_OPTIMIZATION_LEVEL = "-Onone";
			};
			name = Debug;
		};
		A337929E2B853A2000CF7FE1 /* Release */ = {
			isa = XCBuildConfiguration;
			buildSettings = {
				ALWAYS_SEARCH_USER_PATHS = NO;
				CLANG_ANALYZER_NONNULL = YES;
				CLANG_ANALYZER_NUMBER_OBJECT_CONVERSION = YES_AGGRESSIVE;
				CLANG_CXX_LANGUAGE_STANDARD = "gnu++20";
				CLANG_ENABLE_MODULES = YES;
				CLANG_ENABLE_OBJC_ARC = YES;
				CLANG_ENABLE_OBJC_WEAK = YES;
				CLANG_WARN_BLOCK_CAPTURE_AUTORELEASING = YES;
				CLANG_WARN_BOOL_CONVERSION = YES;
				CLANG_WARN_COMMA = YES;
				CLANG_WARN_CONSTANT_CONVERSION = YES;
				CLANG_WARN_DEPRECATED_OBJC_IMPLEMENTATIONS = YES;
				CLANG_WARN_DIRECT_OBJC_ISA_USAGE = YES_ERROR;
				CLANG_WARN_DOCUMENTATION_COMMENTS = YES;
				CLANG_WARN_EMPTY_BODY = YES;
				CLANG_WARN_ENUM_CONVERSION = YES;
				CLANG_WARN_INFINITE_RECURSION = YES;
				CLANG_WARN_INT_CONVERSION = YES;
				CLANG_WARN_NON_LITERAL_NULL_CONVERSION = YES;
				CLANG_WARN_OBJC_IMPLICIT_RETAIN_SELF = YES;
				CLANG_WARN_OBJC_LITERAL_CONVERSION = YES;
				CLANG_WARN_OBJC_ROOT_CLASS = YES_ERROR;
				CLANG_WARN_QUOTED_INCLUDE_IN_FRAMEWORK_HEADER = YES;
				CLANG_WARN_RANGE_LOOP_ANALYSIS = YES;
				CLANG_WARN_STRICT_PROTOTYPES = YES;
				CLANG_WARN_SUSPICIOUS_MOVE = YES;
				CLANG_WARN_UNGUARDED_AVAILABILITY = YES_AGGRESSIVE;
				CLANG_WARN_UNREACHABLE_CODE = YES;
				CLANG_WARN__DUPLICATE_METHOD_MATCH = YES;
				COPY_PHASE_STRIP = NO;
				DEBUG_INFORMATION_FORMAT = "dwarf-with-dsym";
				ENABLE_NS_ASSERTIONS = NO;
				ENABLE_STRICT_OBJC_MSGSEND = YES;
				GCC_C_LANGUAGE_STANDARD = gnu11;
				GCC_NO_COMMON_BLOCKS = YES;
				GCC_WARN_64_TO_32_BIT_CONVERSION = YES;
				GCC_WARN_ABOUT_RETURN_TYPE = YES_ERROR;
				GCC_WARN_UNDECLARED_SELECTOR = YES;
				GCC_WARN_UNINITIALIZED_AUTOS = YES_AGGRESSIVE;
				GCC_WARN_UNUSED_FUNCTION = YES;
				GCC_WARN_UNUSED_VARIABLE = YES;
				IPHONEOS_DEPLOYMENT_TARGET = 15.0;
				MTL_ENABLE_DEBUG_INFO = NO;
				MTL_FAST_MATH = YES;
				SDKROOT = iphoneos;
				SWIFT_COMPILATION_MODE = wholemodule;
				SWIFT_OPTIMIZATION_LEVEL = "-O";
				VALIDATE_PRODUCT = YES;
			};
			name = Release;
		};
		A33792A02B853A2000CF7FE1 /* Debug */ = {
			isa = XCBuildConfiguration;
			buildSettings = {
				ASSETCATALOG_COMPILER_APPICON_NAME = AppIcon;
				ASSETCATALOG_COMPILER_GLOBAL_ACCENT_COLOR_NAME = AccentColor;
				CODE_SIGN_STYLE = Automatic;
				CURRENT_PROJECT_VERSION = 1;
				DEVELOPMENT_TEAM = 6F36WQVB42;
				GENERATE_INFOPLIST_FILE = YES;
				INFOPLIST_FILE = Keep/Info.plist;
				INFOPLIST_KEY_UIApplicationSupportsIndirectInputEvents = YES;
				INFOPLIST_KEY_UILaunchStoryboardName = LaunchScreen;
				INFOPLIST_KEY_UIMainStoryboardFile = "";
				INFOPLIST_KEY_UISupportedInterfaceOrientations_iPad = "UIInterfaceOrientationPortrait UIInterfaceOrientationPortraitUpsideDown UIInterfaceOrientationLandscapeLeft UIInterfaceOrientationLandscapeRight";
				INFOPLIST_KEY_UISupportedInterfaceOrientations_iPhone = "UIInterfaceOrientationPortrait UIInterfaceOrientationLandscapeLeft UIInterfaceOrientationLandscapeRight";
				IPHONEOS_DEPLOYMENT_TARGET = 15.0;
				LD_RUNPATH_SEARCH_PATHS = (
					"$(inherited)",
					"@executable_path/Frameworks",
				);
				MARKETING_VERSION = 1.0;
				PRODUCT_BUNDLE_IDENTIFIER = myunghoonso.Keep;
				PRODUCT_NAME = "$(TARGET_NAME)";
				SWIFT_EMIT_LOC_STRINGS = YES;
				SWIFT_VERSION = 5.0;
				TARGETED_DEVICE_FAMILY = "1,2";
			};
			name = Debug;
		};
		A33792A12B853A2000CF7FE1 /* Release */ = {
			isa = XCBuildConfiguration;
			buildSettings = {
				ASSETCATALOG_COMPILER_APPICON_NAME = AppIcon;
				ASSETCATALOG_COMPILER_GLOBAL_ACCENT_COLOR_NAME = AccentColor;
				CODE_SIGN_STYLE = Automatic;
				CURRENT_PROJECT_VERSION = 1;
				DEVELOPMENT_TEAM = 6F36WQVB42;
				GENERATE_INFOPLIST_FILE = YES;
				INFOPLIST_FILE = Keep/Info.plist;
				INFOPLIST_KEY_UIApplicationSupportsIndirectInputEvents = YES;
				INFOPLIST_KEY_UILaunchStoryboardName = LaunchScreen;
				INFOPLIST_KEY_UIMainStoryboardFile = "";
				INFOPLIST_KEY_UISupportedInterfaceOrientations_iPad = "UIInterfaceOrientationPortrait UIInterfaceOrientationPortraitUpsideDown UIInterfaceOrientationLandscapeLeft UIInterfaceOrientationLandscapeRight";
				INFOPLIST_KEY_UISupportedInterfaceOrientations_iPhone = "UIInterfaceOrientationPortrait UIInterfaceOrientationLandscapeLeft UIInterfaceOrientationLandscapeRight";
				IPHONEOS_DEPLOYMENT_TARGET = 15.0;
				LD_RUNPATH_SEARCH_PATHS = (
					"$(inherited)",
					"@executable_path/Frameworks",
				);
				MARKETING_VERSION = 1.0;
				PRODUCT_BUNDLE_IDENTIFIER = myunghoonso.Keep;
				PRODUCT_NAME = "$(TARGET_NAME)";
				SWIFT_EMIT_LOC_STRINGS = YES;
				SWIFT_VERSION = 5.0;
				TARGETED_DEVICE_FAMILY = "1,2";
			};
			name = Release;
		};
		A33792A32B853A2000CF7FE1 /* Debug */ = {
			isa = XCBuildConfiguration;
			buildSettings = {
				ALWAYS_EMBED_SWIFT_STANDARD_LIBRARIES = YES;
				BUNDLE_LOADER = "$(TEST_HOST)";
				CODE_SIGN_STYLE = Automatic;
				CURRENT_PROJECT_VERSION = 1;
				DEVELOPMENT_TEAM = 6F36WQVB42;
				GENERATE_INFOPLIST_FILE = YES;
				IPHONEOS_DEPLOYMENT_TARGET = 15.0;
				MARKETING_VERSION = 1.0;
				PRODUCT_BUNDLE_IDENTIFIER = myunghoonso.KeepTests;
				PRODUCT_NAME = "$(TARGET_NAME)";
				SWIFT_EMIT_LOC_STRINGS = NO;
				SWIFT_VERSION = 5.0;
				TARGETED_DEVICE_FAMILY = "1,2";
				TEST_HOST = "$(BUILT_PRODUCTS_DIR)/Keep.app/$(BUNDLE_EXECUTABLE_FOLDER_PATH)/Keep";
			};
			name = Debug;
		};
		A33792A42B853A2000CF7FE1 /* Release */ = {
			isa = XCBuildConfiguration;
			buildSettings = {
				ALWAYS_EMBED_SWIFT_STANDARD_LIBRARIES = YES;
				BUNDLE_LOADER = "$(TEST_HOST)";
				CODE_SIGN_STYLE = Automatic;
				CURRENT_PROJECT_VERSION = 1;
				DEVELOPMENT_TEAM = 6F36WQVB42;
				GENERATE_INFOPLIST_FILE = YES;
				IPHONEOS_DEPLOYMENT_TARGET = 15.0;
				MARKETING_VERSION = 1.0;
				PRODUCT_BUNDLE_IDENTIFIER = myunghoonso.KeepTests;
				PRODUCT_NAME = "$(TARGET_NAME)";
				SWIFT_EMIT_LOC_STRINGS = NO;
				SWIFT_VERSION = 5.0;
				TARGETED_DEVICE_FAMILY = "1,2";
				TEST_HOST = "$(BUILT_PRODUCTS_DIR)/Keep.app/$(BUNDLE_EXECUTABLE_FOLDER_PATH)/Keep";
			};
			name = Release;
		};
		A33792A62B853A2000CF7FE1 /* Debug */ = {
			isa = XCBuildConfiguration;
			buildSettings = {
				ALWAYS_EMBED_SWIFT_STANDARD_LIBRARIES = YES;
				CODE_SIGN_STYLE = Automatic;
				CURRENT_PROJECT_VERSION = 1;
				DEVELOPMENT_TEAM = 6F36WQVB42;
				GENERATE_INFOPLIST_FILE = YES;
				IPHONEOS_DEPLOYMENT_TARGET = 15.0;
				MARKETING_VERSION = 1.0;
				PRODUCT_BUNDLE_IDENTIFIER = myunghoonso.KeepUITests;
				PRODUCT_NAME = "$(TARGET_NAME)";
				SWIFT_EMIT_LOC_STRINGS = NO;
				SWIFT_VERSION = 5.0;
				TARGETED_DEVICE_FAMILY = "1,2";
				TEST_TARGET_NAME = Keep;
			};
			name = Debug;
		};
		A33792A72B853A2000CF7FE1 /* Release */ = {
			isa = XCBuildConfiguration;
			buildSettings = {
				ALWAYS_EMBED_SWIFT_STANDARD_LIBRARIES = YES;
				CODE_SIGN_STYLE = Automatic;
				CURRENT_PROJECT_VERSION = 1;
				DEVELOPMENT_TEAM = 6F36WQVB42;
				GENERATE_INFOPLIST_FILE = YES;
				IPHONEOS_DEPLOYMENT_TARGET = 15.0;
				MARKETING_VERSION = 1.0;
				PRODUCT_BUNDLE_IDENTIFIER = myunghoonso.KeepUITests;
				PRODUCT_NAME = "$(TARGET_NAME)";
				SWIFT_EMIT_LOC_STRINGS = NO;
				SWIFT_VERSION = 5.0;
				TARGETED_DEVICE_FAMILY = "1,2";
				TEST_TARGET_NAME = Keep;
			};
			name = Release;
		};
/* End XCBuildConfiguration section */

/* Begin XCConfigurationList section */
		A33792702B853A0900CF7FE1 /* Build configuration list for PBXProject "Keep" */ = {
			isa = XCConfigurationList;
			buildConfigurations = (
				A337929D2B853A2000CF7FE1 /* Debug */,
				A337929E2B853A2000CF7FE1 /* Release */,
			);
			defaultConfigurationIsVisible = 0;
			defaultConfigurationName = Release;
		};
		A337929F2B853A2000CF7FE1 /* Build configuration list for PBXNativeTarget "Keep" */ = {
			isa = XCConfigurationList;
			buildConfigurations = (
				A33792A02B853A2000CF7FE1 /* Debug */,
				A33792A12B853A2000CF7FE1 /* Release */,
			);
			defaultConfigurationIsVisible = 0;
			defaultConfigurationName = Release;
		};
		A33792A22B853A2000CF7FE1 /* Build configuration list for PBXNativeTarget "KeepTests" */ = {
			isa = XCConfigurationList;
			buildConfigurations = (
				A33792A32B853A2000CF7FE1 /* Debug */,
				A33792A42B853A2000CF7FE1 /* Release */,
			);
			defaultConfigurationIsVisible = 0;
			defaultConfigurationName = Release;
		};
		A33792A52B853A2000CF7FE1 /* Build configuration list for PBXNativeTarget "KeepUITests" */ = {
			isa = XCConfigurationList;
			buildConfigurations = (
				A33792A62B853A2000CF7FE1 /* Debug */,
				A33792A72B853A2000CF7FE1 /* Release */,
			);
			defaultConfigurationIsVisible = 0;
			defaultConfigurationName = Release;
		};
/* End XCConfigurationList section */
	};
	rootObject = A337926D2B853A0900CF7FE1 /* Project object */;
}
